// !$*UTF8*$!
{
	archiveVersion = 1;
	classes = {
	};
	objectVersion = 51;
	objects = {

/* Begin PBXBuildFile section */
		9D06A51722E148CD00FBA6EC /* AppDelegate.swift in Sources */ = {isa = PBXBuildFile; fileRef = 9D06A51622E148CD00FBA6EC /* AppDelegate.swift */; };
		9D06A51922E148CD00FBA6EC /* ViewController.swift in Sources */ = {isa = PBXBuildFile; fileRef = 9D06A51822E148CD00FBA6EC /* ViewController.swift */; };
		9D06A51C22E148CD00FBA6EC /* Main.storyboard in Resources */ = {isa = PBXBuildFile; fileRef = 9D06A51A22E148CD00FBA6EC /* Main.storyboard */; };
		9D06A51F22E148CD00FBA6EC /* AutosApp.xcdatamodeld in Sources */ = {isa = PBXBuildFile; fileRef = 9D06A51D22E148CD00FBA6EC /* AutosApp.xcdatamodeld */; };
		9D06A52122E148CE00FBA6EC /* Assets.xcassets in Resources */ = {isa = PBXBuildFile; fileRef = 9D06A52022E148CE00FBA6EC /* Assets.xcassets */; };
		9D06A52422E148CE00FBA6EC /* LaunchScreen.storyboard in Resources */ = {isa = PBXBuildFile; fileRef = 9D06A52222E148CE00FBA6EC /* LaunchScreen.storyboard */; };
		9D1CAA1E22EBC08200180999 /* chevron-sign-to-right.png in Resources */ = {isa = PBXBuildFile; fileRef = 9D1CAA1D22EBC08200180999 /* chevron-sign-to-right.png */; };
		9D1CAA2022EBC30300180999 /* delete.png in Resources */ = {isa = PBXBuildFile; fileRef = 9D1CAA1F22EBC30300180999 /* delete.png */; };
		9D22E4BC22EB7F9500CA81BB /* Comment.swift in Sources */ = {isa = PBXBuildFile; fileRef = 9D22E4BB22EB7F9500CA81BB /* Comment.swift */; };
		9D22E4BE22EB956000CA81BB /* button.png in Resources */ = {isa = PBXBuildFile; fileRef = 9D22E4BD22EB955F00CA81BB /* button.png */; };
		9D22E4C622EBBBFF00CA81BB /* SF-Pro-Display-Bold.otf in Resources */ = {isa = PBXBuildFile; fileRef = 9D22E4C022EBBBA000CA81BB /* SF-Pro-Display-Bold.otf */; };
		9D22E4C722EBBBFF00CA81BB /* SF-Pro-Display-Regular.otf in Resources */ = {isa = PBXBuildFile; fileRef = 9D22E4C322EBBBA100CA81BB /* SF-Pro-Display-Regular.otf */; };
		9D22E4C822EBBBFF00CA81BB /* SF-Pro-Rounded-Bold.otf in Resources */ = {isa = PBXBuildFile; fileRef = 9D22E4C222EBBBA100CA81BB /* SF-Pro-Rounded-Bold.otf */; };
		9D22E4C922EBBBFF00CA81BB /* SF-Pro-Rounded-Regular.otf in Resources */ = {isa = PBXBuildFile; fileRef = 9D22E4C122EBBBA100CA81BB /* SF-Pro-Rounded-Regular.otf */; };
		9D22E4CA22EBBBFF00CA81BB /* SF-Pro-Text-Bold.otf in Resources */ = {isa = PBXBuildFile; fileRef = 9D22E4C522EBBBA100CA81BB /* SF-Pro-Text-Bold.otf */; };
		9D22E4CB22EBBBFF00CA81BB /* SF-Pro-Text-Regular.otf in Resources */ = {isa = PBXBuildFile; fileRef = 9D22E4C422EBBBA100CA81BB /* SF-Pro-Text-Regular.otf */; };
		9D4B275422F3BD7F0091C068 /* RoundedCornerView.swift in Sources */ = {isa = PBXBuildFile; fileRef = 9D4B275322F3BD7F0091C068 /* RoundedCornerView.swift */; };
		9D89988722EBF8DC00F424BA /* UIColor.swift in Sources */ = {isa = PBXBuildFile; fileRef = 9D89988622EBF8DC00F424BA /* UIColor.swift */; };
		9D89989022F107E000F424BA /* home-32.png in Resources */ = {isa = PBXBuildFile; fileRef = 9D89988F22F107E000F424BA /* home-32.png */; };
		9D94FA0622E29B7F008B644C /* LoginController.swift in Sources */ = {isa = PBXBuildFile; fileRef = 9D94FA0522E29B7F008B644C /* LoginController.swift */; };
		9DEB3ACE22F109CF00B3ED72 /* car-32.png in Resources */ = {isa = PBXBuildFile; fileRef = 9DEB3ACB22F109CF00B3ED72 /* car-32.png */; };
		9DEB3ACF22F109CF00B3ED72 /* search-32.png in Resources */ = {isa = PBXBuildFile; fileRef = 9DEB3ACC22F109CF00B3ED72 /* search-32.png */; };
		9DEB3AD022F109CF00B3ED72 /* info-32.png in Resources */ = {isa = PBXBuildFile; fileRef = 9DEB3ACD22F109CF00B3ED72 /* info-32.png */; };
		9DEF1A0B22E14CA100927D04 /* star.png in Resources */ = {isa = PBXBuildFile; fileRef = 9DEF1A0A22E14CA100927D04 /* star.png */; };
		9DEF1A0D22E1556400927D04 /* logo.png in Resources */ = {isa = PBXBuildFile; fileRef = 9DEF1A0C22E1556400927D04 /* logo.png */; };
		9DF802F122E926C800DEE2B2 /* User.swift in Sources */ = {isa = PBXBuildFile; fileRef = 9DF802F022E926C800DEE2B2 /* User.swift */; };
		9DF802F322E9292900DEE2B2 /* UserInfo.swift in Sources */ = {isa = PBXBuildFile; fileRef = 9DF802F222E9292900DEE2B2 /* UserInfo.swift */; };
		9DF802F522E930E300DEE2B2 /* VehicleModels.swift in Sources */ = {isa = PBXBuildFile; fileRef = 9DF802F422E930E300DEE2B2 /* VehicleModels.swift */; };
		9DF802F722E9314400DEE2B2 /* Vehicle.swift in Sources */ = {isa = PBXBuildFile; fileRef = 9DF802F622E9314400DEE2B2 /* Vehicle.swift */; };
		FADA5FA8D510AE5C06F1B8A4 /* Pods_AutosApp.framework in Frameworks */ = {isa = PBXBuildFile; fileRef = DF9D96ED2FDDAC117C9E9A9B /* Pods_AutosApp.framework */; };
/* End PBXBuildFile section */

/* Begin PBXFileReference section */
		8FF0E38B386A5051575D51AA /* Pods-AutosApp.debug.xcconfig */ = {isa = PBXFileReference; includeInIndex = 1; lastKnownFileType = text.xcconfig; name = "Pods-AutosApp.debug.xcconfig"; path = "Target Support Files/Pods-AutosApp/Pods-AutosApp.debug.xcconfig"; sourceTree = "<group>"; };
		9D06A51322E148CD00FBA6EC /* AutosApp.app */ = {isa = PBXFileReference; explicitFileType = wrapper.application; includeInIndex = 0; path = AutosApp.app; sourceTree = BUILT_PRODUCTS_DIR; };
		9D06A51622E148CD00FBA6EC /* AppDelegate.swift */ = {isa = PBXFileReference; lastKnownFileType = sourcecode.swift; path = AppDelegate.swift; sourceTree = "<group>"; };
		9D06A51822E148CD00FBA6EC /* ViewController.swift */ = {isa = PBXFileReference; lastKnownFileType = sourcecode.swift; path = ViewController.swift; sourceTree = "<group>"; };
		9D06A51B22E148CD00FBA6EC /* Base */ = {isa = PBXFileReference; lastKnownFileType = file.storyboard; name = Base; path = Base.lproj/Main.storyboard; sourceTree = "<group>"; };
		9D06A51E22E148CD00FBA6EC /* AutosApp.xcdatamodel */ = {isa = PBXFileReference; lastKnownFileType = wrapper.xcdatamodel; path = AutosApp.xcdatamodel; sourceTree = "<group>"; };
		9D06A52022E148CE00FBA6EC /* Assets.xcassets */ = {isa = PBXFileReference; lastKnownFileType = folder.assetcatalog; path = Assets.xcassets; sourceTree = "<group>"; };
		9D06A52322E148CE00FBA6EC /* Base */ = {isa = PBXFileReference; lastKnownFileType = file.storyboard; name = Base; path = Base.lproj/LaunchScreen.storyboard; sourceTree = "<group>"; };
		9D06A52522E148CE00FBA6EC /* Info.plist */ = {isa = PBXFileReference; lastKnownFileType = text.plist.xml; path = Info.plist; sourceTree = "<group>"; };
		9D1CAA1D22EBC08200180999 /* chevron-sign-to-right.png */ = {isa = PBXFileReference; lastKnownFileType = image.png; path = "chevron-sign-to-right.png"; sourceTree = "<group>"; };
		9D1CAA1F22EBC30300180999 /* delete.png */ = {isa = PBXFileReference; lastKnownFileType = image.png; path = delete.png; sourceTree = "<group>"; };
		9D22E4BB22EB7F9500CA81BB /* Comment.swift */ = {isa = PBXFileReference; lastKnownFileType = sourcecode.swift; path = Comment.swift; sourceTree = "<group>"; };
		9D22E4BD22EB955F00CA81BB /* button.png */ = {isa = PBXFileReference; lastKnownFileType = image.png; path = button.png; sourceTree = "<group>"; };
		9D22E4C022EBBBA000CA81BB /* SF-Pro-Display-Bold.otf */ = {isa = PBXFileReference; lastKnownFileType = file; path = "SF-Pro-Display-Bold.otf"; sourceTree = "<group>"; };
		9D22E4C122EBBBA100CA81BB /* SF-Pro-Rounded-Regular.otf */ = {isa = PBXFileReference; lastKnownFileType = file; path = "SF-Pro-Rounded-Regular.otf"; sourceTree = "<group>"; };
		9D22E4C222EBBBA100CA81BB /* SF-Pro-Rounded-Bold.otf */ = {isa = PBXFileReference; lastKnownFileType = file; path = "SF-Pro-Rounded-Bold.otf"; sourceTree = "<group>"; };
		9D22E4C322EBBBA100CA81BB /* SF-Pro-Display-Regular.otf */ = {isa = PBXFileReference; lastKnownFileType = file; path = "SF-Pro-Display-Regular.otf"; sourceTree = "<group>"; };
		9D22E4C422EBBBA100CA81BB /* SF-Pro-Text-Regular.otf */ = {isa = PBXFileReference; lastKnownFileType = file; path = "SF-Pro-Text-Regular.otf"; sourceTree = "<group>"; };
		9D22E4C522EBBBA100CA81BB /* SF-Pro-Text-Bold.otf */ = {isa = PBXFileReference; lastKnownFileType = file; path = "SF-Pro-Text-Bold.otf"; sourceTree = "<group>"; };
		9D4B275322F3BD7F0091C068 /* RoundedCornerView.swift */ = {isa = PBXFileReference; lastKnownFileType = sourcecode.swift; path = RoundedCornerView.swift; sourceTree = "<group>"; };
		9D89988622EBF8DC00F424BA /* UIColor.swift */ = {isa = PBXFileReference; lastKnownFileType = sourcecode.swift; path = UIColor.swift; sourceTree = "<group>"; };
		9D89988F22F107E000F424BA /* home-32.png */ = {isa = PBXFileReference; lastKnownFileType = image.png; path = "home-32.png"; sourceTree = "<group>"; };
		9D94FA0522E29B7F008B644C /* LoginController.swift */ = {isa = PBXFileReference; lastKnownFileType = sourcecode.swift; path = LoginController.swift; sourceTree = "<group>"; };
		9DEB3ACB22F109CF00B3ED72 /* car-32.png */ = {isa = PBXFileReference; lastKnownFileType = image.png; path = "car-32.png"; sourceTree = "<group>"; };
		9DEB3ACC22F109CF00B3ED72 /* search-32.png */ = {isa = PBXFileReference; lastKnownFileType = image.png; path = "search-32.png"; sourceTree = "<group>"; };
		9DEB3ACD22F109CF00B3ED72 /* info-32.png */ = {isa = PBXFileReference; lastKnownFileType = image.png; path = "info-32.png"; sourceTree = "<group>"; };
		9DEF1A0A22E14CA100927D04 /* star.png */ = {isa = PBXFileReference; lastKnownFileType = image.png; path = star.png; sourceTree = "<group>"; };
		9DEF1A0C22E1556400927D04 /* logo.png */ = {isa = PBXFileReference; lastKnownFileType = image.png; path = logo.png; sourceTree = "<group>"; };
		9DF802F022E926C800DEE2B2 /* User.swift */ = {isa = PBXFileReference; lastKnownFileType = sourcecode.swift; path = User.swift; sourceTree = "<group>"; };
		9DF802F222E9292900DEE2B2 /* UserInfo.swift */ = {isa = PBXFileReference; lastKnownFileType = sourcecode.swift; path = UserInfo.swift; sourceTree = "<group>"; };
		9DF802F422E930E300DEE2B2 /* VehicleModels.swift */ = {isa = PBXFileReference; lastKnownFileType = sourcecode.swift; path = VehicleModels.swift; sourceTree = "<group>"; };
		9DF802F622E9314400DEE2B2 /* Vehicle.swift */ = {isa = PBXFileReference; lastKnownFileType = sourcecode.swift; path = Vehicle.swift; sourceTree = "<group>"; };
		DF9D96ED2FDDAC117C9E9A9B /* Pods_AutosApp.framework */ = {isa = PBXFileReference; explicitFileType = wrapper.framework; includeInIndex = 0; path = Pods_AutosApp.framework; sourceTree = BUILT_PRODUCTS_DIR; };
		E68D9E975047AB6C84FEA21F /* Pods-AutosApp.release.xcconfig */ = {isa = PBXFileReference; includeInIndex = 1; lastKnownFileType = text.xcconfig; name = "Pods-AutosApp.release.xcconfig"; path = "Target Support Files/Pods-AutosApp/Pods-AutosApp.release.xcconfig"; sourceTree = "<group>"; };
/* End PBXFileReference section */

/* Begin PBXFrameworksBuildPhase section */
		9D06A51022E148CD00FBA6EC /* Frameworks */ = {
			isa = PBXFrameworksBuildPhase;
			buildActionMask = 2147483647;
			files = (
				FADA5FA8D510AE5C06F1B8A4 /* Pods_AutosApp.framework in Frameworks */,
			);
			runOnlyForDeploymentPostprocessing = 0;
		};
/* End PBXFrameworksBuildPhase section */

/* Begin PBXGroup section */
		909450DEAD43D9572F4BD28C /* Pods */ = {
			isa = PBXGroup;
			children = (
				8FF0E38B386A5051575D51AA /* Pods-AutosApp.debug.xcconfig */,
				E68D9E975047AB6C84FEA21F /* Pods-AutosApp.release.xcconfig */,
			);
			path = Pods;
			sourceTree = "<group>";
		};
		9D06A50A22E148CD00FBA6EC = {
			isa = PBXGroup;
			children = (
				9D06A51522E148CD00FBA6EC /* AutosApp */,
				9D06A51422E148CD00FBA6EC /* Products */,
				909450DEAD43D9572F4BD28C /* Pods */,
				B276BA447582EF22195000B5 /* Frameworks */,
			);
			sourceTree = "<group>";
		};
		9D06A51422E148CD00FBA6EC /* Products */ = {
			isa = PBXGroup;
			children = (
				9D06A51322E148CD00FBA6EC /* AutosApp.app */,
			);
			name = Products;
			sourceTree = "<group>";
		};
		9D06A51522E148CD00FBA6EC /* AutosApp */ = {
			isa = PBXGroup;
			children = (
				9D22E4BF22EBBB9600CA81BB /* fonts */,
				9DEF1A0922E14C8800927D04 /* images */,
				9DF802F822EA7FCF00DEE2B2 /* extensions */,
				9DF802EF22E9258A00DEE2B2 /* models */,
				9D89988C22EFD59C00F424BA /* controllers */,
				9D06A51622E148CD00FBA6EC /* AppDelegate.swift */,
				9D06A51A22E148CD00FBA6EC /* Main.storyboard */,
				9D06A52222E148CE00FBA6EC /* LaunchScreen.storyboard */,
				9D06A52022E148CE00FBA6EC /* Assets.xcassets */,
				9D06A52522E148CE00FBA6EC /* Info.plist */,
				9D06A51D22E148CD00FBA6EC /* AutosApp.xcdatamodeld */,
			);
			path = AutosApp;
			sourceTree = "<group>";
		};
		9D22E4BF22EBBB9600CA81BB /* fonts */ = {
			isa = PBXGroup;
			children = (
				9D22E4C022EBBBA000CA81BB /* SF-Pro-Display-Bold.otf */,
				9D22E4C322EBBBA100CA81BB /* SF-Pro-Display-Regular.otf */,
				9D22E4C222EBBBA100CA81BB /* SF-Pro-Rounded-Bold.otf */,
				9D22E4C122EBBBA100CA81BB /* SF-Pro-Rounded-Regular.otf */,
				9D22E4C522EBBBA100CA81BB /* SF-Pro-Text-Bold.otf */,
				9D22E4C422EBBBA100CA81BB /* SF-Pro-Text-Regular.otf */,
			);
			path = fonts;
			sourceTree = "<group>";
		};
		9D89988C22EFD59C00F424BA /* controllers */ = {
			isa = PBXGroup;
			children = (
				9D06A51822E148CD00FBA6EC /* ViewController.swift */,
				9D94FA0522E29B7F008B644C /* LoginController.swift */,
			);
			path = controllers;
			sourceTree = "<group>";
		};
		9DEF1A0922E14C8800927D04 /* images */ = {
			isa = PBXGroup;
			children = (
				9D1CAA1F22EBC30300180999 /* delete.png */,
				9D1CAA1D22EBC08200180999 /* chevron-sign-to-right.png */,
				9D22E4BD22EB955F00CA81BB /* button.png */,
				9DEF1A0C22E1556400927D04 /* logo.png */,
				9DEF1A0A22E14CA100927D04 /* star.png */,
				9D89988F22F107E000F424BA /* home-32.png */,
				9DEB3ACB22F109CF00B3ED72 /* car-32.png */,
				9DEB3ACD22F109CF00B3ED72 /* info-32.png */,
				9DEB3ACC22F109CF00B3ED72 /* search-32.png */,
			);
			path = images;
			sourceTree = "<group>";
		};
		9DF802EF22E9258A00DEE2B2 /* models */ = {
			isa = PBXGroup;
			children = (
				9DF802F022E926C800DEE2B2 /* User.swift */,
				9DF802F222E9292900DEE2B2 /* UserInfo.swift */,
				9DF802F422E930E300DEE2B2 /* VehicleModels.swift */,
				9DF802F622E9314400DEE2B2 /* Vehicle.swift */,
				9D22E4BB22EB7F9500CA81BB /* Comment.swift */,
			);
			path = models;
			sourceTree = "<group>";
		};
		9DF802F822EA7FCF00DEE2B2 /* extensions */ = {
			isa = PBXGroup;
			children = (
				9D89988622EBF8DC00F424BA /* UIColor.swift */,
				9D4B275322F3BD7F0091C068 /* RoundedCornerView.swift */,
			);
			path = extensions;
			sourceTree = "<group>";
		};
		B276BA447582EF22195000B5 /* Frameworks */ = {
			isa = PBXGroup;
			children = (
				DF9D96ED2FDDAC117C9E9A9B /* Pods_AutosApp.framework */,
			);
			name = Frameworks;
			sourceTree = "<group>";
		};
/* End PBXGroup section */

/* Begin PBXNativeTarget section */
		9D06A51222E148CD00FBA6EC /* AutosApp */ = {
			isa = PBXNativeTarget;
			buildConfigurationList = 9D06A52822E148CE00FBA6EC /* Build configuration list for PBXNativeTarget "AutosApp" */;
			buildPhases = (
				70299B9F6858CEDA2EDC3775 /* [CP] Check Pods Manifest.lock */,
				9D06A50F22E148CD00FBA6EC /* Sources */,
				9D06A51022E148CD00FBA6EC /* Frameworks */,
				9D06A51122E148CD00FBA6EC /* Resources */,
				93C6A502A9A889F85D4B31B0 /* [CP] Embed Pods Frameworks */,
			);
			buildRules = (
			);
			dependencies = (
			);
			name = AutosApp;
			productName = AutosApp;
			productReference = 9D06A51322E148CD00FBA6EC /* AutosApp.app */;
			productType = "com.apple.product-type.application";
		};
/* End PBXNativeTarget section */

/* Begin PBXProject section */
		9D06A50B22E148CD00FBA6EC /* Project object */ = {
			isa = PBXProject;
			attributes = {
				LastSwiftUpdateCheck = 1020;
				LastUpgradeCheck = 1020;
				ORGANIZATIONNAME = "Allan Im";
				TargetAttributes = {
					9D06A51222E148CD00FBA6EC = {
						CreatedOnToolsVersion = 10.2.1;
					};
				};
			};
			buildConfigurationList = 9D06A50E22E148CD00FBA6EC /* Build configuration list for PBXProject "AutosApp" */;
			compatibilityVersion = "Xcode 9.3";
			developmentRegion = en;
			hasScannedForEncodings = 0;
			knownRegions = (
				en,
				Base,
			);
			mainGroup = 9D06A50A22E148CD00FBA6EC;
			productRefGroup = 9D06A51422E148CD00FBA6EC /* Products */;
			projectDirPath = "";
			projectRoot = "";
			targets = (
				9D06A51222E148CD00FBA6EC /* AutosApp */,
			);
		};
/* End PBXProject section */

/* Begin PBXResourcesBuildPhase section */
		9D06A51122E148CD00FBA6EC /* Resources */ = {
			isa = PBXResourcesBuildPhase;
			buildActionMask = 2147483647;
			files = (
				9D89989022F107E000F424BA /* home-32.png in Resources */,
				9D06A52422E148CE00FBA6EC /* LaunchScreen.storyboard in Resources */,
				9D22E4C922EBBBFF00CA81BB /* SF-Pro-Rounded-Regular.otf in Resources */,
				9D22E4BE22EB956000CA81BB /* button.png in Resources */,
				9DEB3AD022F109CF00B3ED72 /* info-32.png in Resources */,
				9D22E4C722EBBBFF00CA81BB /* SF-Pro-Display-Regular.otf in Resources */,
				9DEB3ACE22F109CF00B3ED72 /* car-32.png in Resources */,
				9D1CAA2022EBC30300180999 /* delete.png in Resources */,
				9DEB3ACF22F109CF00B3ED72 /* search-32.png in Resources */,
				9D1CAA1E22EBC08200180999 /* chevron-sign-to-right.png in Resources */,
				9DEF1A0B22E14CA100927D04 /* star.png in Resources */,
				9D22E4CA22EBBBFF00CA81BB /* SF-Pro-Text-Bold.otf in Resources */,
				9D22E4CB22EBBBFF00CA81BB /* SF-Pro-Text-Regular.otf in Resources */,
				9DEF1A0D22E1556400927D04 /* logo.png in Resources */,
				9D22E4C622EBBBFF00CA81BB /* SF-Pro-Display-Bold.otf in Resources */,
				9D22E4C822EBBBFF00CA81BB /* SF-Pro-Rounded-Bold.otf in Resources */,
				9D06A52122E148CE00FBA6EC /* Assets.xcassets in Resources */,
				9D06A51C22E148CD00FBA6EC /* Main.storyboard in Resources */,
			);
			runOnlyForDeploymentPostprocessing = 0;
		};
/* End PBXResourcesBuildPhase section */

/* Begin PBXShellScriptBuildPhase section */
		70299B9F6858CEDA2EDC3775 /* [CP] Check Pods Manifest.lock */ = {
			isa = PBXShellScriptBuildPhase;
			buildActionMask = 2147483647;
			files = (
			);
			inputFileListPaths = (
			);
			inputPaths = (
				"${PODS_PODFILE_DIR_PATH}/Podfile.lock",
				"${PODS_ROOT}/Manifest.lock",
			);
			name = "[CP] Check Pods Manifest.lock";
			outputFileListPaths = (
			);
			outputPaths = (
				"$(DERIVED_FILE_DIR)/Pods-AutosApp-checkManifestLockResult.txt",
			);
			runOnlyForDeploymentPostprocessing = 0;
			shellPath = /bin/sh;
			shellScript = "diff \"${PODS_PODFILE_DIR_PATH}/Podfile.lock\" \"${PODS_ROOT}/Manifest.lock\" > /dev/null\nif [ $? != 0 ] ; then\n    # print error to STDERR\n    echo \"error: The sandbox is not in sync with the Podfile.lock. Run 'pod install' or update your CocoaPods installation.\" >&2\n    exit 1\nfi\n# This output is used by Xcode 'outputs' to avoid re-running this script phase.\necho \"SUCCESS\" > \"${SCRIPT_OUTPUT_FILE_0}\"\n";
			showEnvVarsInLog = 0;
		};
		93C6A502A9A889F85D4B31B0 /* [CP] Embed Pods Frameworks */ = {
			isa = PBXShellScriptBuildPhase;
			buildActionMask = 2147483647;
			files = (
			);
			inputFileListPaths = (
				"${PODS_ROOT}/Target Support Files/Pods-AutosApp/Pods-AutosApp-frameworks-${CONFIGURATION}-input-files.xcfilelist",
			);
			name = "[CP] Embed Pods Frameworks";
			outputFileListPaths = (
				"${PODS_ROOT}/Target Support Files/Pods-AutosApp/Pods-AutosApp-frameworks-${CONFIGURATION}-output-files.xcfilelist",
			);
			runOnlyForDeploymentPostprocessing = 0;
			shellPath = /bin/sh;
			shellScript = "\"${PODS_ROOT}/Target Support Files/Pods-AutosApp/Pods-AutosApp-frameworks.sh\"\n";
			showEnvVarsInLog = 0;
		};
/* End PBXShellScriptBuildPhase section */

/* Begin PBXSourcesBuildPhase section */
		9D06A50F22E148CD00FBA6EC /* Sources */ = {
			isa = PBXSourcesBuildPhase;
			buildActionMask = 2147483647;
			files = (
				9DF802F722E9314400DEE2B2 /* Vehicle.swift in Sources */,
				9D06A51922E148CD00FBA6EC /* ViewController.swift in Sources */,
				9D94FA0622E29B7F008B644C /* LoginController.swift in Sources */,
				9D06A51F22E148CD00FBA6EC /* AutosApp.xcdatamodeld in Sources */,
				9DF802F122E926C800DEE2B2 /* User.swift in Sources */,
				9DF802F322E9292900DEE2B2 /* UserInfo.swift in Sources */,
				9D4B275422F3BD7F0091C068 /* RoundedCornerView.swift in Sources */,
				9DF802F522E930E300DEE2B2 /* VehicleModels.swift in Sources */,
				9D22E4BC22EB7F9500CA81BB /* Comment.swift in Sources */,
				9D06A51722E148CD00FBA6EC /* AppDelegate.swift in Sources */,
				9D89988722EBF8DC00F424BA /* UIColor.swift in Sources */,
			);
			runOnlyForDeploymentPostprocessing = 0;
		};
/* End PBXSourcesBuildPhase section */

/* Begin PBXVariantGroup section */
		9D06A51A22E148CD00FBA6EC /* Main.storyboard */ = {
			isa = PBXVariantGroup;
			children = (
				9D06A51B22E148CD00FBA6EC /* Base */,
			);
			name = Main.storyboard;
			sourceTree = "<group>";
		};
		9D06A52222E148CE00FBA6EC /* LaunchScreen.storyboard */ = {
			isa = PBXVariantGroup;
			children = (
				9D06A52322E148CE00FBA6EC /* Base */,
			);
			name = LaunchScreen.storyboard;
			sourceTree = "<group>";
		};
/* End PBXVariantGroup section */

/* Begin XCBuildConfiguration section */
		9D06A52622E148CE00FBA6EC /* Debug */ = {
			isa = XCBuildConfiguration;
			buildSettings = {
				ALWAYS_SEARCH_USER_PATHS = NO;
				CLANG_ANALYZER_NONNULL = YES;
				CLANG_ANALYZER_NUMBER_OBJECT_CONVERSION = YES_AGGRESSIVE;
				CLANG_CXX_LANGUAGE_STANDARD = "gnu++14";
				CLANG_CXX_LIBRARY = "libc++";
				CLANG_ENABLE_MODULES = YES;
				CLANG_ENABLE_OBJC_ARC = YES;
				CLANG_ENABLE_OBJC_WEAK = YES;
				CLANG_WARN_BLOCK_CAPTURE_AUTORELEASING = YES;
				CLANG_WARN_BOOL_CONVERSION = YES;
				CLANG_WARN_COMMA = YES;
				CLANG_WARN_CONSTANT_CONVERSION = YES;
				CLANG_WARN_DEPRECATED_OBJC_IMPLEMENTATIONS = YES;
				CLANG_WARN_DIRECT_OBJC_ISA_USAGE = YES_ERROR;
				CLANG_WARN_DOCUMENTATION_COMMENTS = YES;
				CLANG_WARN_EMPTY_BODY = YES;
				CLANG_WARN_ENUM_CONVERSION = YES;
				CLANG_WARN_INFINITE_RECURSION = YES;
				CLANG_WARN_INT_CONVERSION = YES;
				CLANG_WARN_NON_LITERAL_NULL_CONVERSION = YES;
				CLANG_WARN_OBJC_IMPLICIT_RETAIN_SELF = YES;
				CLANG_WARN_OBJC_LITERAL_CONVERSION = YES;
				CLANG_WARN_OBJC_ROOT_CLASS = YES_ERROR;
				CLANG_WARN_RANGE_LOOP_ANALYSIS = YES;
				CLANG_WARN_STRICT_PROTOTYPES = YES;
				CLANG_WARN_SUSPICIOUS_MOVE = YES;
				CLANG_WARN_UNGUARDED_AVAILABILITY = YES_AGGRESSIVE;
				CLANG_WARN_UNREACHABLE_CODE = YES;
				CLANG_WARN__DUPLICATE_METHOD_MATCH = YES;
				CODE_SIGN_IDENTITY = "iPhone Developer";
				COPY_PHASE_STRIP = NO;
				DEBUG_INFORMATION_FORMAT = dwarf;
				ENABLE_STRICT_OBJC_MSGSEND = YES;
				ENABLE_TESTABILITY = YES;
				GCC_C_LANGUAGE_STANDARD = gnu11;
				GCC_DYNAMIC_NO_PIC = NO;
				GCC_NO_COMMON_BLOCKS = YES;
				GCC_OPTIMIZATION_LEVEL = 0;
				GCC_PREPROCESSOR_DEFINITIONS = (
					"DEBUG=1",
					"$(inherited)",
				);
				GCC_WARN_64_TO_32_BIT_CONVERSION = YES;
				GCC_WARN_ABOUT_RETURN_TYPE = YES_ERROR;
				GCC_WARN_UNDECLARED_SELECTOR = YES;
				GCC_WARN_UNINITIALIZED_AUTOS = YES_AGGRESSIVE;
				GCC_WARN_UNUSED_FUNCTION = YES;
				GCC_WARN_UNUSED_VARIABLE = YES;
				IPHONEOS_DEPLOYMENT_TARGET = 12.2;
				MTL_ENABLE_DEBUG_INFO = INCLUDE_SOURCE;
				MTL_FAST_MATH = YES;
				ONLY_ACTIVE_ARCH = YES;
				SDKROOT = iphoneos;
				SWIFT_ACTIVE_COMPILATION_CONDITIONS = DEBUG;
				SWIFT_OPTIMIZATION_LEVEL = "-Onone";
			};
			name = Debug;
		};
		9D06A52722E148CE00FBA6EC /* Release */ = {
			isa = XCBuildConfiguration;
			buildSettings = {
				ALWAYS_SEARCH_USER_PATHS = NO;
				CLANG_ANALYZER_NONNULL = YES;
				CLANG_ANALYZER_NUMBER_OBJECT_CONVERSION = YES_AGGRESSIVE;
				CLANG_CXX_LANGUAGE_STANDARD = "gnu++14";
				CLANG_CXX_LIBRARY = "libc++";
				CLANG_ENABLE_MODULES = YES;
				CLANG_ENABLE_OBJC_ARC = YES;
				CLANG_ENABLE_OBJC_WEAK = YES;
				CLANG_WARN_BLOCK_CAPTURE_AUTORELEASING = YES;
				CLANG_WARN_BOOL_CONVERSION = YES;
				CLANG_WARN_COMMA = YES;
				CLANG_WARN_CONSTANT_CONVERSION = YES;
				CLANG_WARN_DEPRECATED_OBJC_IMPLEMENTATIONS = YES;
				CLANG_WARN_DIRECT_OBJC_ISA_USAGE = YES_ERROR;
				CLANG_WARN_DOCUMENTATION_COMMENTS = YES;
				CLANG_WARN_EMPTY_BODY = YES;
				CLANG_WARN_ENUM_CONVERSION = YES;
				CLANG_WARN_INFINITE_RECURSION = YES;
				CLANG_WARN_INT_CONVERSION = YES;
				CLANG_WARN_NON_LITERAL_NULL_CONVERSION = YES;
				CLANG_WARN_OBJC_IMPLICIT_RETAIN_SELF = YES;
				CLANG_WARN_OBJC_LITERAL_CONVERSION = YES;
				CLANG_WARN_OBJC_ROOT_CLASS = YES_ERROR;
				CLANG_WARN_RANGE_LOOP_ANALYSIS = YES;
				CLANG_WARN_STRICT_PROTOTYPES = YES;
				CLANG_WARN_SUSPICIOUS_MOVE = YES;
				CLANG_WARN_UNGUARDED_AVAILABILITY = YES_AGGRESSIVE;
				CLANG_WARN_UNREACHABLE_CODE = YES;
				CLANG_WARN__DUPLICATE_METHOD_MATCH = YES;
				CODE_SIGN_IDENTITY = "iPhone Developer";
				COPY_PHASE_STRIP = NO;
				DEBUG_INFORMATION_FORMAT = "dwarf-with-dsym";
				ENABLE_NS_ASSERTIONS = NO;
				ENABLE_STRICT_OBJC_MSGSEND = YES;
				GCC_C_LANGUAGE_STANDARD = gnu11;
				GCC_NO_COMMON_BLOCKS = YES;
				GCC_WARN_64_TO_32_BIT_CONVERSION = YES;
				GCC_WARN_ABOUT_RETURN_TYPE = YES_ERROR;
				GCC_WARN_UNDECLARED_SELECTOR = YES;
				GCC_WARN_UNINITIALIZED_AUTOS = YES_AGGRESSIVE;
				GCC_WARN_UNUSED_FUNCTION = YES;
				GCC_WARN_UNUSED_VARIABLE = YES;
				IPHONEOS_DEPLOYMENT_TARGET = 12.2;
				MTL_ENABLE_DEBUG_INFO = NO;
				MTL_FAST_MATH = YES;
				SDKROOT = iphoneos;
				SWIFT_COMPILATION_MODE = wholemodule;
				SWIFT_OPTIMIZATION_LEVEL = "-O";
				VALIDATE_PRODUCT = YES;
			};
			name = Release;
		};
		9D06A52922E148CE00FBA6EC /* Debug */ = {
			isa = XCBuildConfiguration;
			baseConfigurationReference = 8FF0E38B386A5051575D51AA /* Pods-AutosApp.debug.xcconfig */;
			buildSettings = {
				ASSETCATALOG_COMPILER_APPICON_NAME = AppIcon;
				CODE_SIGN_STYLE = Automatic;
				DEVELOPMENT_TEAM = Y2MGZ3HYXY;
				INFOPLIST_FILE = AutosApp/Info.plist;
				LD_RUNPATH_SEARCH_PATHS = (
					"$(inherited)",
					"@executable_path/Frameworks",
				);
				PRODUCT_BUNDLE_IDENTIFIER = com.allanim.AutosApp;
				PRODUCT_NAME = "$(TARGET_NAME)";
				SWIFT_VERSION = 5.0;
				TARGETED_DEVICE_FAMILY = "1,2";
			};
			name = Debug;
		};
		9D06A52A22E148CE00FBA6EC /* Release */ = {
			isa = XCBuildConfiguration;
			baseConfigurationReference = E68D9E975047AB6C84FEA21F /* Pods-AutosApp.release.xcconfig */;
			buildSettings = {
				ASSETCATALOG_COMPILER_APPICON_NAME = AppIcon;
				CODE_SIGN_STYLE = Automatic;
				DEVELOPMENT_TEAM = Y2MGZ3HYXY;
				INFOPLIST_FILE = AutosApp/Info.plist;
				LD_RUNPATH_SEARCH_PATHS = (
					"$(inherited)",
					"@executable_path/Frameworks",
				);
				PRODUCT_BUNDLE_IDENTIFIER = com.allanim.AutosApp;
				PRODUCT_NAME = "$(TARGET_NAME)";
				SWIFT_VERSION = 5.0;
				TARGETED_DEVICE_FAMILY = "1,2";
			};
			name = Release;
		};
/* End XCBuildConfiguration section */

/* Begin XCConfigurationList section */
		9D06A50E22E148CD00FBA6EC /* Build configuration list for PBXProject "AutosApp" */ = {
			isa = XCConfigurationList;
			buildConfigurations = (
				9D06A52622E148CE00FBA6EC /* Debug */,
				9D06A52722E148CE00FBA6EC /* Release */,
			);
			defaultConfigurationIsVisible = 0;
			defaultConfigurationName = Release;
		};
		9D06A52822E148CE00FBA6EC /* Build configuration list for PBXNativeTarget "AutosApp" */ = {
			isa = XCConfigurationList;
			buildConfigurations = (
				9D06A52922E148CE00FBA6EC /* Debug */,
				9D06A52A22E148CE00FBA6EC /* Release */,
			);
			defaultConfigurationIsVisible = 0;
			defaultConfigurationName = Release;
		};
/* End XCConfigurationList section */

/* Begin XCVersionGroup section */
		9D06A51D22E148CD00FBA6EC /* AutosApp.xcdatamodeld */ = {
			isa = XCVersionGroup;
			children = (
				9D06A51E22E148CD00FBA6EC /* AutosApp.xcdatamodel */,
			);
			currentVersion = 9D06A51E22E148CD00FBA6EC /* AutosApp.xcdatamodel */;
			path = AutosApp.xcdatamodeld;
			sourceTree = "<group>";
			versionGroupType = wrapper.xcdatamodel;
		};
/* End XCVersionGroup section */
	};
	rootObject = 9D06A50B22E148CD00FBA6EC /* Project object */;
}
