// !$*UTF8*$!
{
	archiveVersion = 1;
	classes = {
	};
	objectVersion = 51;
	objects = {

/* Begin PBXBuildFile section */
		9D06A51722E148CD00FBA6EC /* AppDelegate.swift in Sources */ = {isa = PBXBuildFile; fileRef = 9D06A51622E148CD00FBA6EC /* AppDelegate.swift */; };
		9D06A51922E148CD00FBA6EC /* ViewController.swift in Sources */ = {isa = PBXBuildFile; fileRef = 9D06A51822E148CD00FBA6EC /* ViewController.swift */; };
		9D06A51C22E148CD00FBA6EC /* Main.storyboard in Resources */ = {isa = PBXBuildFile; fileRef = 9D06A51A22E148CD00FBA6EC /* Main.storyboard */; };
		9D06A51F22E148CD00FBA6EC /* AutosApp.xcdatamodeld in Sources */ = {isa = PBXBuildFile; fileRef = 9D06A51D22E148CD00FBA6EC /* AutosApp.xcdatamodeld */; };
		9D06A52122E148CE00FBA6EC /* Assets.xcassets in Resources */ = {isa = PBXBuildFile; fileRef = 9D06A52022E148CE00FBA6EC /* Assets.xcassets */; };
		9D06A52422E148CE00FBA6EC /* LaunchScreen.storyboard in Resources */ = {isa = PBXBuildFile; fileRef = 9D06A52222E148CE00FBA6EC /* LaunchScreen.storyboard */; };
		9D1C95B723023FE300C45C49 /* SignupViewController.swift in Sources */ = {isa = PBXBuildFile; fileRef = 9D1C95B623023FE300C45C49 /* SignupViewController.swift */; };
		9D1C95BB230380BC00C45C49 /* TransitionButton.swift in Sources */ = {isa = PBXBuildFile; fileRef = 9D1C95BA230380BC00C45C49 /* TransitionButton.swift */; };
		9D1CAA2022EBC30300180999 /* delete.png in Resources */ = {isa = PBXBuildFile; fileRef = 9D1CAA1F22EBC30300180999 /* delete.png */; };
		9D22E4BC22EB7F9500CA81BB /* Comment.swift in Sources */ = {isa = PBXBuildFile; fileRef = 9D22E4BB22EB7F9500CA81BB /* Comment.swift */; };
		9D22E4C622EBBBFF00CA81BB /* SF-Pro-Display-Bold.otf in Resources */ = {isa = PBXBuildFile; fileRef = 9D22E4C022EBBBA000CA81BB /* SF-Pro-Display-Bold.otf */; };
		9D22E4C722EBBBFF00CA81BB /* SF-Pro-Display-Regular.otf in Resources */ = {isa = PBXBuildFile; fileRef = 9D22E4C322EBBBA100CA81BB /* SF-Pro-Display-Regular.otf */; };
		9D22E4C822EBBBFF00CA81BB /* SF-Pro-Rounded-Bold.otf in Resources */ = {isa = PBXBuildFile; fileRef = 9D22E4C222EBBBA100CA81BB /* SF-Pro-Rounded-Bold.otf */; };
		9D22E4C922EBBBFF00CA81BB /* SF-Pro-Rounded-Regular.otf in Resources */ = {isa = PBXBuildFile; fileRef = 9D22E4C122EBBBA100CA81BB /* SF-Pro-Rounded-Regular.otf */; };
		9D22E4CA22EBBBFF00CA81BB /* SF-Pro-Text-Bold.otf in Resources */ = {isa = PBXBuildFile; fileRef = 9D22E4C522EBBBA100CA81BB /* SF-Pro-Text-Bold.otf */; };
		9D22E4CB22EBBBFF00CA81BB /* SF-Pro-Text-Regular.otf in Resources */ = {isa = PBXBuildFile; fileRef = 9D22E4C422EBBBA100CA81BB /* SF-Pro-Text-Regular.otf */; };
		9D2482042309DEB20029044D /* PostViewController.swift in Sources */ = {isa = PBXBuildFile; fileRef = 9D2482032309DEB20029044D /* PostViewController.swift */; };
		9D248206230B630E0029044D /* SellMyAutosViewController.swift in Sources */ = {isa = PBXBuildFile; fileRef = 9D248205230B630E0029044D /* SellMyAutosViewController.swift */; };
		9D248229230B66760029044D /* Mercedes-Benz.jpg in Resources */ = {isa = PBXBuildFile; fileRef = 9D248209230B66710029044D /* Mercedes-Benz.jpg */; };
		9D24822A230B66760029044D /* Chevrolet.jpg in Resources */ = {isa = PBXBuildFile; fileRef = 9D24820A230B66710029044D /* Chevrolet.jpg */; };
		9D24822B230B66760029044D /* Nissan.jpg in Resources */ = {isa = PBXBuildFile; fileRef = 9D24820B230B66710029044D /* Nissan.jpg */; };
		9D24822C230B66760029044D /* Volkswagen.jpg in Resources */ = {isa = PBXBuildFile; fileRef = 9D24820C230B66710029044D /* Volkswagen.jpg */; };
		9D24822D230B66760029044D /* BMW.jpg in Resources */ = {isa = PBXBuildFile; fileRef = 9D24820D230B66720029044D /* BMW.jpg */; };
		9D24822E230B66760029044D /* Jaguar.jpg in Resources */ = {isa = PBXBuildFile; fileRef = 9D24820E230B66720029044D /* Jaguar.jpg */; };
		9D24822F230B66760029044D /* car.png in Resources */ = {isa = PBXBuildFile; fileRef = 9D24820F230B66720029044D /* car.png */; };
		9D248230230B66760029044D /* Suzuki.jpg in Resources */ = {isa = PBXBuildFile; fileRef = 9D248210230B66720029044D /* Suzuki.jpg */; };
		9D248231230B66760029044D /* Mazda.jpg in Resources */ = {isa = PBXBuildFile; fileRef = 9D248211230B66720029044D /* Mazda.jpg */; };
		9D248232230B66760029044D /* Peugeot.jpg in Resources */ = {isa = PBXBuildFile; fileRef = 9D248212230B66720029044D /* Peugeot.jpg */; };
		9D248233230B66760029044D /* Infiniti.jpg in Resources */ = {isa = PBXBuildFile; fileRef = 9D248213230B66720029044D /* Infiniti.jpg */; };
		9D248234230B66760029044D /* Saab.jpg in Resources */ = {isa = PBXBuildFile; fileRef = 9D248214230B66730029044D /* Saab.jpg */; };
		9D248235230B66760029044D /* Subaru.jpg in Resources */ = {isa = PBXBuildFile; fileRef = 9D248215230B66730029044D /* Subaru.jpg */; };
		9D248236230B66760029044D /* Citroën.jpg in Resources */ = {isa = PBXBuildFile; fileRef = 9D248216230B66730029044D /* Citroën.jpg */; };
		9D248237230B66760029044D /* Volvo.jpg in Resources */ = {isa = PBXBuildFile; fileRef = 9D248217230B66730029044D /* Volvo.jpg */; };
		9D248238230B66760029044D /* MINI.jpg in Resources */ = {isa = PBXBuildFile; fileRef = 9D248218230B66730029044D /* MINI.jpg */; };
		9D248239230B66760029044D /* Audi.jpg in Resources */ = {isa = PBXBuildFile; fileRef = 9D248219230B66730029044D /* Audi.jpg */; };
		9D24823A230B66760029044D /* Toyota.jpg in Resources */ = {isa = PBXBuildFile; fileRef = 9D24821A230B66730029044D /* Toyota.jpg */; };
		9D24823B230B66760029044D /* Jeep.jpg in Resources */ = {isa = PBXBuildFile; fileRef = 9D24821B230B66740029044D /* Jeep.jpg */; };
		9D24823C230B66760029044D /* Land Rover.jpg in Resources */ = {isa = PBXBuildFile; fileRef = 9D24821C230B66740029044D /* Land Rover.jpg */; };
		9D24823D230B66760029044D /* Porsche.jpg in Resources */ = {isa = PBXBuildFile; fileRef = 9D24821D230B66740029044D /* Porsche.jpg */; };
		9D24823E230B66760029044D /* Lexus.jpg in Resources */ = {isa = PBXBuildFile; fileRef = 9D24821E230B66740029044D /* Lexus.jpg */; };
		9D24823F230B66760029044D /* Fiat.jpg in Resources */ = {isa = PBXBuildFile; fileRef = 9D24821F230B66740029044D /* Fiat.jpg */; };
		9D248240230B66760029044D /* Hyundai.jpg in Resources */ = {isa = PBXBuildFile; fileRef = 9D248220230B66750029044D /* Hyundai.jpg */; };
		9D248241230B66760029044D /* Renault.jpg in Resources */ = {isa = PBXBuildFile; fileRef = 9D248221230B66750029044D /* Renault.jpg */; };
		9D248242230B66760029044D /* Honda.jpg in Resources */ = {isa = PBXBuildFile; fileRef = 9D248222230B66750029044D /* Honda.jpg */; };
		9D248243230B66760029044D /* Ford.jpg in Resources */ = {isa = PBXBuildFile; fileRef = 9D248223230B66750029044D /* Ford.jpg */; };
		9D248244230B66760029044D /* Dacia.jpg in Resources */ = {isa = PBXBuildFile; fileRef = 9D248224230B66750029044D /* Dacia.jpg */; };
		9D248245230B66760029044D /* Alfa Romeo.jpg in Resources */ = {isa = PBXBuildFile; fileRef = 9D248225230B66760029044D /* Alfa Romeo.jpg */; };
		9D248246230B66760029044D /* Kia.jpg in Resources */ = {isa = PBXBuildFile; fileRef = 9D248226230B66760029044D /* Kia.jpg */; };
		9D248247230B66760029044D /* Mitsubishi.jpg in Resources */ = {isa = PBXBuildFile; fileRef = 9D248227230B66760029044D /* Mitsubishi.jpg */; };
		9D248249230B7A580029044D /* Double.swift in Sources */ = {isa = PBXBuildFile; fileRef = 9D248248230B7A580029044D /* Double.swift */; };
		9D24824B230B97930029044D /* SearchResultViewController.swift in Sources */ = {isa = PBXBuildFile; fileRef = 9D24824A230B97930029044D /* SearchResultViewController.swift */; };
		9D3CED8023076AF60093502B /* Key.swift in Sources */ = {isa = PBXBuildFile; fileRef = 9D3CED7F23076AF60093502B /* Key.swift */; };
		9D458D232302356F003AA632 /* MyAutosViewConroller.swift in Sources */ = {isa = PBXBuildFile; fileRef = 9D458D222302356F003AA632 /* MyAutosViewConroller.swift */; };
		9D458D25230237BB003AA632 /* GoogleService-Info.plist in Resources */ = {isa = PBXBuildFile; fileRef = 9D458D24230237BB003AA632 /* GoogleService-Info.plist */; };
		9D4B275422F3BD7F0091C068 /* RoundedCornerView.swift in Sources */ = {isa = PBXBuildFile; fileRef = 9D4B275322F3BD7F0091C068 /* RoundedCornerView.swift */; };
		9D69DE07230781DB004620C3 /* EditProfileViewController.swift in Sources */ = {isa = PBXBuildFile; fileRef = 9D69DE06230781DB004620C3 /* EditProfileViewController.swift */; };
		9D69DE09230859B7004620C3 /* ChangePasswordViewController.swift in Sources */ = {isa = PBXBuildFile; fileRef = 9D69DE08230859B7004620C3 /* ChangePasswordViewController.swift */; };
		9D69DE0B23088952004620C3 /* car-list.json in Resources */ = {isa = PBXBuildFile; fileRef = 9D69DE0A23088952004620C3 /* car-list.json */; };
		9D69DE0D230890AD004620C3 /* VehicleMaker.swift in Sources */ = {isa = PBXBuildFile; fileRef = 9D69DE0C230890AD004620C3 /* VehicleMaker.swift */; };
		9D69DE1023089443004620C3 /* VehicleUtils.swift in Sources */ = {isa = PBXBuildFile; fileRef = 9D69DE0F23089443004620C3 /* VehicleUtils.swift */; };
		9D69DE122308E364004620C3 /* HomeViewController.swift in Sources */ = {isa = PBXBuildFile; fileRef = 9D69DE112308E364004620C3 /* HomeViewController.swift */; };
		9D69DE1423090CB0004620C3 /* Results.swift in Sources */ = {isa = PBXBuildFile; fileRef = 9D69DE1323090CB0004620C3 /* Results.swift */; };
		9D69DE192309B1F8004620C3 /* SearchViewController.swift in Sources */ = {isa = PBXBuildFile; fileRef = 9D69DE182309B1F8004620C3 /* SearchViewController.swift */; };
		9D89988722EBF8DC00F424BA /* UIColor.swift in Sources */ = {isa = PBXBuildFile; fileRef = 9D89988622EBF8DC00F424BA /* UIColor.swift */; };
		9D89989022F107E000F424BA /* home-32.png in Resources */ = {isa = PBXBuildFile; fileRef = 9D89988F22F107E000F424BA /* home-32.png */; };
		9D94FA0622E29B7F008B644C /* LoginViewController.swift in Sources */ = {isa = PBXBuildFile; fileRef = 9D94FA0522E29B7F008B644C /* LoginViewController.swift */; };
		9DB7193A22FCEFC400C2F6C8 /* LineButton.swift in Sources */ = {isa = PBXBuildFile; fileRef = 9DB7193922FCEFC400C2F6C8 /* LineButton.swift */; };
		9DB7193F22FCF67000C2F6C8 /* change-password.png in Resources */ = {isa = PBXBuildFile; fileRef = 9DB7193B22FCF66F00C2F6C8 /* change-password.png */; };
		9DB7194022FCF67000C2F6C8 /* sell-my-autos.png in Resources */ = {isa = PBXBuildFile; fileRef = 9DB7193C22FCF66F00C2F6C8 /* sell-my-autos.png */; };
		9DB7194122FCF67000C2F6C8 /* my-saved-autos.png in Resources */ = {isa = PBXBuildFile; fileRef = 9DB7193D22FCF66F00C2F6C8 /* my-saved-autos.png */; };
		9DB7194222FCF67000C2F6C8 /* edit-profile.png in Resources */ = {isa = PBXBuildFile; fileRef = 9DB7193E22FCF67000C2F6C8 /* edit-profile.png */; };
		9DDC8890230CC409003BEC2F /* AutoDetailsViewController.swift in Sources */ = {isa = PBXBuildFile; fileRef = 9DDC888F230CC409003BEC2F /* AutoDetailsViewController.swift */; };
		9DEB3ACE22F109CF00B3ED72 /* car-32.png in Resources */ = {isa = PBXBuildFile; fileRef = 9DEB3ACB22F109CF00B3ED72 /* car-32.png */; };
		9DEB3ACF22F109CF00B3ED72 /* search-32.png in Resources */ = {isa = PBXBuildFile; fileRef = 9DEB3ACC22F109CF00B3ED72 /* search-32.png */; };
		9DEB3AD022F109CF00B3ED72 /* info-32.png in Resources */ = {isa = PBXBuildFile; fileRef = 9DEB3ACD22F109CF00B3ED72 /* info-32.png */; };
		9DEF1A0B22E14CA100927D04 /* star.png in Resources */ = {isa = PBXBuildFile; fileRef = 9DEF1A0A22E14CA100927D04 /* star.png */; };
		9DEF1A0D22E1556400927D04 /* logo.png in Resources */ = {isa = PBXBuildFile; fileRef = 9DEF1A0C22E1556400927D04 /* logo.png */; };
		9DF802F122E926C800DEE2B2 /* User.swift in Sources */ = {isa = PBXBuildFile; fileRef = 9DF802F022E926C800DEE2B2 /* User.swift */; };
		9DF802F322E9292900DEE2B2 /* UserInfo.swift in Sources */ = {isa = PBXBuildFile; fileRef = 9DF802F222E9292900DEE2B2 /* UserInfo.swift */; };
		9DF802F522E930E300DEE2B2 /* VehicleModel.swift in Sources */ = {isa = PBXBuildFile; fileRef = 9DF802F422E930E300DEE2B2 /* VehicleModel.swift */; };
		9DF802F722E9314400DEE2B2 /* Vehicle.swift in Sources */ = {isa = PBXBuildFile; fileRef = 9DF802F622E9314400DEE2B2 /* Vehicle.swift */; };
		FADA5FA8D510AE5C06F1B8A4 /* Pods_AutosApp.framework in Frameworks */ = {isa = PBXBuildFile; fileRef = DF9D96ED2FDDAC117C9E9A9B /* Pods_AutosApp.framework */; };
/* End PBXBuildFile section */

/* Begin PBXFileReference section */
		8FF0E38B386A5051575D51AA /* Pods-AutosApp.debug.xcconfig */ = {isa = PBXFileReference; includeInIndex = 1; lastKnownFileType = text.xcconfig; name = "Pods-AutosApp.debug.xcconfig"; path = "Target Support Files/Pods-AutosApp/Pods-AutosApp.debug.xcconfig"; sourceTree = "<group>"; };
		9D06A51322E148CD00FBA6EC /* AutosApp.app */ = {isa = PBXFileReference; explicitFileType = wrapper.application; includeInIndex = 0; path = AutosApp.app; sourceTree = BUILT_PRODUCTS_DIR; };
		9D06A51622E148CD00FBA6EC /* AppDelegate.swift */ = {isa = PBXFileReference; lastKnownFileType = sourcecode.swift; path = AppDelegate.swift; sourceTree = "<group>"; };
		9D06A51822E148CD00FBA6EC /* ViewController.swift */ = {isa = PBXFileReference; lastKnownFileType = sourcecode.swift; path = ViewController.swift; sourceTree = "<group>"; };
		9D06A51B22E148CD00FBA6EC /* Base */ = {isa = PBXFileReference; lastKnownFileType = file.storyboard; name = Base; path = Base.lproj/Main.storyboard; sourceTree = "<group>"; };
		9D06A51E22E148CD00FBA6EC /* AutosApp.xcdatamodel */ = {isa = PBXFileReference; lastKnownFileType = wrapper.xcdatamodel; path = AutosApp.xcdatamodel; sourceTree = "<group>"; };
		9D06A52022E148CE00FBA6EC /* Assets.xcassets */ = {isa = PBXFileReference; lastKnownFileType = folder.assetcatalog; path = Assets.xcassets; sourceTree = "<group>"; };
		9D06A52322E148CE00FBA6EC /* Base */ = {isa = PBXFileReference; lastKnownFileType = file.storyboard; name = Base; path = Base.lproj/LaunchScreen.storyboard; sourceTree = "<group>"; };
		9D06A52522E148CE00FBA6EC /* Info.plist */ = {isa = PBXFileReference; lastKnownFileType = text.plist.xml; path = Info.plist; sourceTree = "<group>"; };
		9D1C95B623023FE300C45C49 /* SignupViewController.swift */ = {isa = PBXFileReference; lastKnownFileType = sourcecode.swift; path = SignupViewController.swift; sourceTree = "<group>"; };
		9D1C95BA230380BC00C45C49 /* TransitionButton.swift */ = {isa = PBXFileReference; lastKnownFileType = sourcecode.swift; path = TransitionButton.swift; sourceTree = "<group>"; };
		9D1CAA1F22EBC30300180999 /* delete.png */ = {isa = PBXFileReference; lastKnownFileType = image.png; path = delete.png; sourceTree = "<group>"; };
		9D22E4BB22EB7F9500CA81BB /* Comment.swift */ = {isa = PBXFileReference; lastKnownFileType = sourcecode.swift; path = Comment.swift; sourceTree = "<group>"; };
		9D22E4C022EBBBA000CA81BB /* SF-Pro-Display-Bold.otf */ = {isa = PBXFileReference; lastKnownFileType = file; path = "SF-Pro-Display-Bold.otf"; sourceTree = "<group>"; };
		9D22E4C122EBBBA100CA81BB /* SF-Pro-Rounded-Regular.otf */ = {isa = PBXFileReference; lastKnownFileType = file; path = "SF-Pro-Rounded-Regular.otf"; sourceTree = "<group>"; };
		9D22E4C222EBBBA100CA81BB /* SF-Pro-Rounded-Bold.otf */ = {isa = PBXFileReference; lastKnownFileType = file; path = "SF-Pro-Rounded-Bold.otf"; sourceTree = "<group>"; };
		9D22E4C322EBBBA100CA81BB /* SF-Pro-Display-Regular.otf */ = {isa = PBXFileReference; lastKnownFileType = file; path = "SF-Pro-Display-Regular.otf"; sourceTree = "<group>"; };
		9D22E4C422EBBBA100CA81BB /* SF-Pro-Text-Regular.otf */ = {isa = PBXFileReference; lastKnownFileType = file; path = "SF-Pro-Text-Regular.otf"; sourceTree = "<group>"; };
		9D22E4C522EBBBA100CA81BB /* SF-Pro-Text-Bold.otf */ = {isa = PBXFileReference; lastKnownFileType = file; path = "SF-Pro-Text-Bold.otf"; sourceTree = "<group>"; };
		9D2482032309DEB20029044D /* PostViewController.swift */ = {isa = PBXFileReference; lastKnownFileType = sourcecode.swift; path = PostViewController.swift; sourceTree = "<group>"; };
		9D248205230B630E0029044D /* SellMyAutosViewController.swift */ = {isa = PBXFileReference; lastKnownFileType = sourcecode.swift; path = SellMyAutosViewController.swift; sourceTree = "<group>"; };
		9D248209230B66710029044D /* Mercedes-Benz.jpg */ = {isa = PBXFileReference; lastKnownFileType = image.jpeg; path = "Mercedes-Benz.jpg"; sourceTree = "<group>"; };
		9D24820A230B66710029044D /* Chevrolet.jpg */ = {isa = PBXFileReference; lastKnownFileType = image.jpeg; path = Chevrolet.jpg; sourceTree = "<group>"; };
		9D24820B230B66710029044D /* Nissan.jpg */ = {isa = PBXFileReference; lastKnownFileType = image.jpeg; path = Nissan.jpg; sourceTree = "<group>"; };
		9D24820C230B66710029044D /* Volkswagen.jpg */ = {isa = PBXFileReference; lastKnownFileType = image.jpeg; path = Volkswagen.jpg; sourceTree = "<group>"; };
		9D24820D230B66720029044D /* BMW.jpg */ = {isa = PBXFileReference; lastKnownFileType = image.jpeg; path = BMW.jpg; sourceTree = "<group>"; };
		9D24820E230B66720029044D /* Jaguar.jpg */ = {isa = PBXFileReference; lastKnownFileType = image.jpeg; path = Jaguar.jpg; sourceTree = "<group>"; };
		9D24820F230B66720029044D /* car.png */ = {isa = PBXFileReference; lastKnownFileType = image.png; path = car.png; sourceTree = "<group>"; };
		9D248210230B66720029044D /* Suzuki.jpg */ = {isa = PBXFileReference; lastKnownFileType = image.jpeg; path = Suzuki.jpg; sourceTree = "<group>"; };
		9D248211230B66720029044D /* Mazda.jpg */ = {isa = PBXFileReference; lastKnownFileType = image.jpeg; path = Mazda.jpg; sourceTree = "<group>"; };
		9D248212230B66720029044D /* Peugeot.jpg */ = {isa = PBXFileReference; lastKnownFileType = image.jpeg; path = Peugeot.jpg; sourceTree = "<group>"; };
		9D248213230B66720029044D /* Infiniti.jpg */ = {isa = PBXFileReference; lastKnownFileType = image.jpeg; path = Infiniti.jpg; sourceTree = "<group>"; };
		9D248214230B66730029044D /* Saab.jpg */ = {isa = PBXFileReference; lastKnownFileType = image.jpeg; path = Saab.jpg; sourceTree = "<group>"; };
		9D248215230B66730029044D /* Subaru.jpg */ = {isa = PBXFileReference; lastKnownFileType = image.jpeg; path = Subaru.jpg; sourceTree = "<group>"; };
		9D248216230B66730029044D /* Citroën.jpg */ = {isa = PBXFileReference; lastKnownFileType = image.jpeg; path = "Citroën.jpg"; sourceTree = "<group>"; };
		9D248217230B66730029044D /* Volvo.jpg */ = {isa = PBXFileReference; lastKnownFileType = image.jpeg; path = Volvo.jpg; sourceTree = "<group>"; };
		9D248218230B66730029044D /* MINI.jpg */ = {isa = PBXFileReference; lastKnownFileType = image.jpeg; path = MINI.jpg; sourceTree = "<group>"; };
		9D248219230B66730029044D /* Audi.jpg */ = {isa = PBXFileReference; lastKnownFileType = image.jpeg; path = Audi.jpg; sourceTree = "<group>"; };
		9D24821A230B66730029044D /* Toyota.jpg */ = {isa = PBXFileReference; lastKnownFileType = image.jpeg; path = Toyota.jpg; sourceTree = "<group>"; };
		9D24821B230B66740029044D /* Jeep.jpg */ = {isa = PBXFileReference; lastKnownFileType = image.jpeg; path = Jeep.jpg; sourceTree = "<group>"; };
		9D24821C230B66740029044D /* Land Rover.jpg */ = {isa = PBXFileReference; lastKnownFileType = image.jpeg; path = "Land Rover.jpg"; sourceTree = "<group>"; };
		9D24821D230B66740029044D /* Porsche.jpg */ = {isa = PBXFileReference; lastKnownFileType = image.jpeg; path = Porsche.jpg; sourceTree = "<group>"; };
		9D24821E230B66740029044D /* Lexus.jpg */ = {isa = PBXFileReference; lastKnownFileType = image.jpeg; path = Lexus.jpg; sourceTree = "<group>"; };
		9D24821F230B66740029044D /* Fiat.jpg */ = {isa = PBXFileReference; lastKnownFileType = image.jpeg; path = Fiat.jpg; sourceTree = "<group>"; };
		9D248220230B66750029044D /* Hyundai.jpg */ = {isa = PBXFileReference; lastKnownFileType = image.jpeg; path = Hyundai.jpg; sourceTree = "<group>"; };
		9D248221230B66750029044D /* Renault.jpg */ = {isa = PBXFileReference; lastKnownFileType = image.jpeg; path = Renault.jpg; sourceTree = "<group>"; };
		9D248222230B66750029044D /* Honda.jpg */ = {isa = PBXFileReference; lastKnownFileType = image.jpeg; path = Honda.jpg; sourceTree = "<group>"; };
		9D248223230B66750029044D /* Ford.jpg */ = {isa = PBXFileReference; lastKnownFileType = image.jpeg; path = Ford.jpg; sourceTree = "<group>"; };
		9D248224230B66750029044D /* Dacia.jpg */ = {isa = PBXFileReference; lastKnownFileType = image.jpeg; path = Dacia.jpg; sourceTree = "<group>"; };
		9D248225230B66760029044D /* Alfa Romeo.jpg */ = {isa = PBXFileReference; lastKnownFileType = image.jpeg; path = "Alfa Romeo.jpg"; sourceTree = "<group>"; };
		9D248226230B66760029044D /* Kia.jpg */ = {isa = PBXFileReference; lastKnownFileType = image.jpeg; path = Kia.jpg; sourceTree = "<group>"; };
		9D248227230B66760029044D /* Mitsubishi.jpg */ = {isa = PBXFileReference; lastKnownFileType = image.jpeg; path = Mitsubishi.jpg; sourceTree = "<group>"; };
		9D248248230B7A580029044D /* Double.swift */ = {isa = PBXFileReference; lastKnownFileType = sourcecode.swift; path = Double.swift; sourceTree = "<group>"; };
		9D24824A230B97930029044D /* SearchResultViewController.swift */ = {isa = PBXFileReference; lastKnownFileType = sourcecode.swift; path = SearchResultViewController.swift; sourceTree = "<group>"; };
		9D3CED7F23076AF60093502B /* Key.swift */ = {isa = PBXFileReference; lastKnownFileType = sourcecode.swift; path = Key.swift; sourceTree = "<group>"; };
		9D458D222302356F003AA632 /* MyAutosViewConroller.swift */ = {isa = PBXFileReference; lastKnownFileType = sourcecode.swift; path = MyAutosViewConroller.swift; sourceTree = "<group>"; };
		9D458D24230237BB003AA632 /* GoogleService-Info.plist */ = {isa = PBXFileReference; fileEncoding = 4; lastKnownFileType = text.plist.xml; path = "GoogleService-Info.plist"; sourceTree = "<group>"; };
		9D4B275322F3BD7F0091C068 /* RoundedCornerView.swift */ = {isa = PBXFileReference; lastKnownFileType = sourcecode.swift; path = RoundedCornerView.swift; sourceTree = "<group>"; };
		9D69DE06230781DB004620C3 /* EditProfileViewController.swift */ = {isa = PBXFileReference; lastKnownFileType = sourcecode.swift; path = EditProfileViewController.swift; sourceTree = "<group>"; };
		9D69DE08230859B7004620C3 /* ChangePasswordViewController.swift */ = {isa = PBXFileReference; lastKnownFileType = sourcecode.swift; path = ChangePasswordViewController.swift; sourceTree = "<group>"; };
		9D69DE0A23088952004620C3 /* car-list.json */ = {isa = PBXFileReference; fileEncoding = 4; lastKnownFileType = text.json; path = "car-list.json"; sourceTree = "<group>"; };
		9D69DE0C230890AD004620C3 /* VehicleMaker.swift */ = {isa = PBXFileReference; lastKnownFileType = sourcecode.swift; path = VehicleMaker.swift; sourceTree = "<group>"; };
		9D69DE0F23089443004620C3 /* VehicleUtils.swift */ = {isa = PBXFileReference; lastKnownFileType = sourcecode.swift; path = VehicleUtils.swift; sourceTree = "<group>"; };
		9D69DE112308E364004620C3 /* HomeViewController.swift */ = {isa = PBXFileReference; lastKnownFileType = sourcecode.swift; path = HomeViewController.swift; sourceTree = "<group>"; };
		9D69DE1323090CB0004620C3 /* Results.swift */ = {isa = PBXFileReference; lastKnownFileType = sourcecode.swift; path = Results.swift; sourceTree = "<group>"; };
		9D69DE182309B1F8004620C3 /* SearchViewController.swift */ = {isa = PBXFileReference; lastKnownFileType = sourcecode.swift; path = SearchViewController.swift; sourceTree = "<group>"; };
		9D89988622EBF8DC00F424BA /* UIColor.swift */ = {isa = PBXFileReference; lastKnownFileType = sourcecode.swift; path = UIColor.swift; sourceTree = "<group>"; };
		9D89988F22F107E000F424BA /* home-32.png */ = {isa = PBXFileReference; lastKnownFileType = image.png; path = "home-32.png"; sourceTree = "<group>"; };
		9D94FA0522E29B7F008B644C /* LoginViewController.swift */ = {isa = PBXFileReference; lastKnownFileType = sourcecode.swift; path = LoginViewController.swift; sourceTree = "<group>"; };
		9DB7193922FCEFC400C2F6C8 /* LineButton.swift */ = {isa = PBXFileReference; lastKnownFileType = sourcecode.swift; path = LineButton.swift; sourceTree = "<group>"; };
		9DB7193B22FCF66F00C2F6C8 /* change-password.png */ = {isa = PBXFileReference; lastKnownFileType = image.png; path = "change-password.png"; sourceTree = "<group>"; };
		9DB7193C22FCF66F00C2F6C8 /* sell-my-autos.png */ = {isa = PBXFileReference; lastKnownFileType = image.png; path = "sell-my-autos.png"; sourceTree = "<group>"; };
		9DB7193D22FCF66F00C2F6C8 /* my-saved-autos.png */ = {isa = PBXFileReference; lastKnownFileType = image.png; path = "my-saved-autos.png"; sourceTree = "<group>"; };
		9DB7193E22FCF67000C2F6C8 /* edit-profile.png */ = {isa = PBXFileReference; lastKnownFileType = image.png; path = "edit-profile.png"; sourceTree = "<group>"; };
		9DDC888F230CC409003BEC2F /* AutoDetailsViewController.swift */ = {isa = PBXFileReference; lastKnownFileType = sourcecode.swift; path = AutoDetailsViewController.swift; sourceTree = "<group>"; };
		9DEB3ACB22F109CF00B3ED72 /* car-32.png */ = {isa = PBXFileReference; lastKnownFileType = image.png; path = "car-32.png"; sourceTree = "<group>"; };
		9DEB3ACC22F109CF00B3ED72 /* search-32.png */ = {isa = PBXFileReference; lastKnownFileType = image.png; path = "search-32.png"; sourceTree = "<group>"; };
		9DEB3ACD22F109CF00B3ED72 /* info-32.png */ = {isa = PBXFileReference; lastKnownFileType = image.png; path = "info-32.png"; sourceTree = "<group>"; };
		9DEF1A0A22E14CA100927D04 /* star.png */ = {isa = PBXFileReference; lastKnownFileType = image.png; path = star.png; sourceTree = "<group>"; };
		9DEF1A0C22E1556400927D04 /* logo.png */ = {isa = PBXFileReference; lastKnownFileType = image.png; path = logo.png; sourceTree = "<group>"; };
		9DF802F022E926C800DEE2B2 /* User.swift */ = {isa = PBXFileReference; lastKnownFileType = sourcecode.swift; path = User.swift; sourceTree = "<group>"; };
		9DF802F222E9292900DEE2B2 /* UserInfo.swift */ = {isa = PBXFileReference; lastKnownFileType = sourcecode.swift; path = UserInfo.swift; sourceTree = "<group>"; };
		9DF802F422E930E300DEE2B2 /* VehicleModel.swift */ = {isa = PBXFileReference; lastKnownFileType = sourcecode.swift; path = VehicleModel.swift; sourceTree = "<group>"; };
		9DF802F622E9314400DEE2B2 /* Vehicle.swift */ = {isa = PBXFileReference; lastKnownFileType = sourcecode.swift; path = Vehicle.swift; sourceTree = "<group>"; };
		DF9D96ED2FDDAC117C9E9A9B /* Pods_AutosApp.framework */ = {isa = PBXFileReference; explicitFileType = wrapper.framework; includeInIndex = 0; path = Pods_AutosApp.framework; sourceTree = BUILT_PRODUCTS_DIR; };
		E68D9E975047AB6C84FEA21F /* Pods-AutosApp.release.xcconfig */ = {isa = PBXFileReference; includeInIndex = 1; lastKnownFileType = text.xcconfig; name = "Pods-AutosApp.release.xcconfig"; path = "Target Support Files/Pods-AutosApp/Pods-AutosApp.release.xcconfig"; sourceTree = "<group>"; };
/* End PBXFileReference section */

/* Begin PBXFrameworksBuildPhase section */
		9D06A51022E148CD00FBA6EC /* Frameworks */ = {
			isa = PBXFrameworksBuildPhase;
			buildActionMask = 2147483647;
			files = (
				FADA5FA8D510AE5C06F1B8A4 /* Pods_AutosApp.framework in Frameworks */,
			);
			runOnlyForDeploymentPostprocessing = 0;
		};
/* End PBXFrameworksBuildPhase section */

/* Begin PBXGroup section */
		909450DEAD43D9572F4BD28C /* Pods */ = {
			isa = PBXGroup;
			children = (
				8FF0E38B386A5051575D51AA /* Pods-AutosApp.debug.xcconfig */,
				E68D9E975047AB6C84FEA21F /* Pods-AutosApp.release.xcconfig */,
			);
			path = Pods;
			sourceTree = "<group>";
		};
		9D06A50A22E148CD00FBA6EC = {
			isa = PBXGroup;
			children = (
				9D06A51522E148CD00FBA6EC /* AutosApp */,
				9D06A51422E148CD00FBA6EC /* Products */,
				909450DEAD43D9572F4BD28C /* Pods */,
				B276BA447582EF22195000B5 /* Frameworks */,
			);
			sourceTree = "<group>";
		};
		9D06A51422E148CD00FBA6EC /* Products */ = {
			isa = PBXGroup;
			children = (
				9D06A51322E148CD00FBA6EC /* AutosApp.app */,
			);
			name = Products;
			sourceTree = "<group>";
		};
		9D06A51522E148CD00FBA6EC /* AutosApp */ = {
			isa = PBXGroup;
			children = (
				9D69DE0E2308942C004620C3 /* utils */,
				9D22E4BF22EBBB9600CA81BB /* fonts */,
				9DEF1A0922E14C8800927D04 /* images */,
				9DF802F822EA7FCF00DEE2B2 /* extensions */,
				9DF802EF22E9258A00DEE2B2 /* models */,
				9D89988C22EFD59C00F424BA /* controllers */,
				9D06A51622E148CD00FBA6EC /* AppDelegate.swift */,
				9D06A51A22E148CD00FBA6EC /* Main.storyboard */,
				9D06A52222E148CE00FBA6EC /* LaunchScreen.storyboard */,
				9D06A52022E148CE00FBA6EC /* Assets.xcassets */,
				9D69DE0A23088952004620C3 /* car-list.json */,
				9D06A52522E148CE00FBA6EC /* Info.plist */,
				9D458D24230237BB003AA632 /* GoogleService-Info.plist */,
				9D06A51D22E148CD00FBA6EC /* AutosApp.xcdatamodeld */,
				9D3CED7F23076AF60093502B /* Key.swift */,
			);
			path = AutosApp;
			sourceTree = "<group>";
		};
		9D22E4BF22EBBB9600CA81BB /* fonts */ = {
			isa = PBXGroup;
			children = (
				9D22E4C022EBBBA000CA81BB /* SF-Pro-Display-Bold.otf */,
				9D22E4C322EBBBA100CA81BB /* SF-Pro-Display-Regular.otf */,
				9D22E4C222EBBBA100CA81BB /* SF-Pro-Rounded-Bold.otf */,
				9D22E4C122EBBBA100CA81BB /* SF-Pro-Rounded-Regular.otf */,
				9D22E4C522EBBBA100CA81BB /* SF-Pro-Text-Bold.otf */,
				9D22E4C422EBBBA100CA81BB /* SF-Pro-Text-Regular.otf */,
			);
			path = fonts;
			sourceTree = "<group>";
		};
		9D248207230B66590029044D /* logo */ = {
			isa = PBXGroup;
			children = (
				9D248225230B66760029044D /* Alfa Romeo.jpg */,
				9D248219230B66730029044D /* Audi.jpg */,
				9D24820D230B66720029044D /* BMW.jpg */,
				9D24820F230B66720029044D /* car.png */,
				9D24820A230B66710029044D /* Chevrolet.jpg */,
				9D248216230B66730029044D /* Citroën.jpg */,
				9D248224230B66750029044D /* Dacia.jpg */,
				9D24821F230B66740029044D /* Fiat.jpg */,
				9D248223230B66750029044D /* Ford.jpg */,
				9D248222230B66750029044D /* Honda.jpg */,
				9D248220230B66750029044D /* Hyundai.jpg */,
				9D248213230B66720029044D /* Infiniti.jpg */,
				9D24820E230B66720029044D /* Jaguar.jpg */,
				9D24821B230B66740029044D /* Jeep.jpg */,
				9D248226230B66760029044D /* Kia.jpg */,
				9D24821C230B66740029044D /* Land Rover.jpg */,
				9D24821E230B66740029044D /* Lexus.jpg */,
				9D248211230B66720029044D /* Mazda.jpg */,
				9D248209230B66710029044D /* Mercedes-Benz.jpg */,
				9D248218230B66730029044D /* MINI.jpg */,
				9D248227230B66760029044D /* Mitsubishi.jpg */,
				9D24820B230B66710029044D /* Nissan.jpg */,
				9D248212230B66720029044D /* Peugeot.jpg */,
				9D24821D230B66740029044D /* Porsche.jpg */,
				9D248221230B66750029044D /* Renault.jpg */,
				9D248214230B66730029044D /* Saab.jpg */,
				9D248215230B66730029044D /* Subaru.jpg */,
				9D248210230B66720029044D /* Suzuki.jpg */,
				9D24821A230B66730029044D /* Toyota.jpg */,
				9D24820C230B66710029044D /* Volkswagen.jpg */,
				9D248217230B66730029044D /* Volvo.jpg */,
			);
			path = logo;
			sourceTree = "<group>";
		};
		9D69DE0E2308942C004620C3 /* utils */ = {
			isa = PBXGroup;
			children = (
				9D69DE0F23089443004620C3 /* VehicleUtils.swift */,
			);
			path = utils;
			sourceTree = "<group>";
		};
		9D89988C22EFD59C00F424BA /* controllers */ = {
			isa = PBXGroup;
			children = (
				9D06A51822E148CD00FBA6EC /* ViewController.swift */,
				9D69DE112308E364004620C3 /* HomeViewController.swift */,
				9D69DE182309B1F8004620C3 /* SearchViewController.swift */,
				9D458D222302356F003AA632 /* MyAutosViewConroller.swift */,
				9D94FA0522E29B7F008B644C /* LoginViewController.swift */,
				9D1C95B623023FE300C45C49 /* SignupViewController.swift */,
				9D69DE06230781DB004620C3 /* EditProfileViewController.swift */,
				9D69DE08230859B7004620C3 /* ChangePasswordViewController.swift */,
				9D2482032309DEB20029044D /* PostViewController.swift */,
				9D248205230B630E0029044D /* SellMyAutosViewController.swift */,
				9D24824A230B97930029044D /* SearchResultViewController.swift */,
				9DDC888F230CC409003BEC2F /* AutoDetailsViewController.swift */,
			);
			path = controllers;
			sourceTree = "<group>";
		};
		9DEF1A0922E14C8800927D04 /* images */ = {
			isa = PBXGroup;
			children = (
				9D248207230B66590029044D /* logo */,
				9DB7193B22FCF66F00C2F6C8 /* change-password.png */,
				9DB7193E22FCF67000C2F6C8 /* edit-profile.png */,
				9DB7193D22FCF66F00C2F6C8 /* my-saved-autos.png */,
				9DB7193C22FCF66F00C2F6C8 /* sell-my-autos.png */,
				9D1CAA1F22EBC30300180999 /* delete.png */,
				9DEF1A0C22E1556400927D04 /* logo.png */,
				9DEF1A0A22E14CA100927D04 /* star.png */,
				9D89988F22F107E000F424BA /* home-32.png */,
				9DEB3ACB22F109CF00B3ED72 /* car-32.png */,
				9DEB3ACD22F109CF00B3ED72 /* info-32.png */,
				9DEB3ACC22F109CF00B3ED72 /* search-32.png */,
			);
			path = images;
			sourceTree = "<group>";
		};
		9DF802EF22E9258A00DEE2B2 /* models */ = {
			isa = PBXGroup;
			children = (
				9DF802F022E926C800DEE2B2 /* User.swift */,
				9DF802F222E9292900DEE2B2 /* UserInfo.swift */,
				9D22E4BB22EB7F9500CA81BB /* Comment.swift */,
				9DF802F622E9314400DEE2B2 /* Vehicle.swift */,
				9D69DE0C230890AD004620C3 /* VehicleMaker.swift */,
				9DF802F422E930E300DEE2B2 /* VehicleModel.swift */,
			);
			path = models;
			sourceTree = "<group>";
		};
		9DF802F822EA7FCF00DEE2B2 /* extensions */ = {
			isa = PBXGroup;
			children = (
				9D89988622EBF8DC00F424BA /* UIColor.swift */,
				9D4B275322F3BD7F0091C068 /* RoundedCornerView.swift */,
				9DB7193922FCEFC400C2F6C8 /* LineButton.swift */,
				9D1C95BA230380BC00C45C49 /* TransitionButton.swift */,
				9D69DE1323090CB0004620C3 /* Results.swift */,
				9D248248230B7A580029044D /* Double.swift */,
			);
			path = extensions;
			sourceTree = "<group>";
		};
		B276BA447582EF22195000B5 /* Frameworks */ = {
			isa = PBXGroup;
			children = (
				DF9D96ED2FDDAC117C9E9A9B /* Pods_AutosApp.framework */,
			);
			name = Frameworks;
			sourceTree = "<group>";
		};
/* End PBXGroup section */

/* Begin PBXNativeTarget section */
		9D06A51222E148CD00FBA6EC /* AutosApp */ = {
			isa = PBXNativeTarget;
			buildConfigurationList = 9D06A52822E148CE00FBA6EC /* Build configuration list for PBXNativeTarget "AutosApp" */;
			buildPhases = (
				70299B9F6858CEDA2EDC3775 /* [CP] Check Pods Manifest.lock */,
				9D06A50F22E148CD00FBA6EC /* Sources */,
				9D06A51022E148CD00FBA6EC /* Frameworks */,
				9D06A51122E148CD00FBA6EC /* Resources */,
				93C6A502A9A889F85D4B31B0 /* [CP] Embed Pods Frameworks */,
			);
			buildRules = (
			);
			dependencies = (
			);
			name = AutosApp;
			productName = AutosApp;
			productReference = 9D06A51322E148CD00FBA6EC /* AutosApp.app */;
			productType = "com.apple.product-type.application";
		};
/* End PBXNativeTarget section */

/* Begin PBXProject section */
		9D06A50B22E148CD00FBA6EC /* Project object */ = {
			isa = PBXProject;
			attributes = {
				LastSwiftUpdateCheck = 1020;
				LastUpgradeCheck = 1020;
				ORGANIZATIONNAME = "Allan Im";
				TargetAttributes = {
					9D06A51222E148CD00FBA6EC = {
						CreatedOnToolsVersion = 10.2.1;
					};
				};
			};
			buildConfigurationList = 9D06A50E22E148CD00FBA6EC /* Build configuration list for PBXProject "AutosApp" */;
			compatibilityVersion = "Xcode 9.3";
			developmentRegion = en;
			hasScannedForEncodings = 0;
			knownRegions = (
				en,
				Base,
			);
			mainGroup = 9D06A50A22E148CD00FBA6EC;
			productRefGroup = 9D06A51422E148CD00FBA6EC /* Products */;
			projectDirPath = "";
			projectRoot = "";
			targets = (
				9D06A51222E148CD00FBA6EC /* AutosApp */,
			);
		};
/* End PBXProject section */

/* Begin PBXResourcesBuildPhase section */
		9D06A51122E148CD00FBA6EC /* Resources */ = {
			isa = PBXResourcesBuildPhase;
			buildActionMask = 2147483647;
			files = (
				9D24822D230B66760029044D /* BMW.jpg in Resources */,
				9D248242230B66760029044D /* Honda.jpg in Resources */,
				9D248244230B66760029044D /* Dacia.jpg in Resources */,
				9D89989022F107E000F424BA /* home-32.png in Resources */,
				9D248239230B66760029044D /* Audi.jpg in Resources */,
				9D06A52422E148CE00FBA6EC /* LaunchScreen.storyboard in Resources */,
				9D22E4C922EBBBFF00CA81BB /* SF-Pro-Rounded-Regular.otf in Resources */,
				9DEB3AD022F109CF00B3ED72 /* info-32.png in Resources */,
				9D248231230B66760029044D /* Mazda.jpg in Resources */,
				9DB7194122FCF67000C2F6C8 /* my-saved-autos.png in Resources */,
				9D248235230B66760029044D /* Subaru.jpg in Resources */,
				9D24823E230B66760029044D /* Lexus.jpg in Resources */,
				9D22E4C722EBBBFF00CA81BB /* SF-Pro-Display-Regular.otf in Resources */,
				9DEB3ACE22F109CF00B3ED72 /* car-32.png in Resources */,
				9D24822B230B66760029044D /* Nissan.jpg in Resources */,
				9D24822E230B66760029044D /* Jaguar.jpg in Resources */,
				9D1CAA2022EBC30300180999 /* delete.png in Resources */,
				9D24823D230B66760029044D /* Porsche.jpg in Resources */,
				9D248236230B66760029044D /* Citroën.jpg in Resources */,
				9DEB3ACF22F109CF00B3ED72 /* search-32.png in Resources */,
				9D24822F230B66760029044D /* car.png in Resources */,
				9D248230230B66760029044D /* Suzuki.jpg in Resources */,
				9DEF1A0B22E14CA100927D04 /* star.png in Resources */,
				9D22E4CA22EBBBFF00CA81BB /* SF-Pro-Text-Bold.otf in Resources */,
				9DB7194222FCF67000C2F6C8 /* edit-profile.png in Resources */,
				9D248229230B66760029044D /* Mercedes-Benz.jpg in Resources */,
				9D248240230B66760029044D /* Hyundai.jpg in Resources */,
				9D24823B230B66760029044D /* Jeep.jpg in Resources */,
				9D22E4CB22EBBBFF00CA81BB /* SF-Pro-Text-Regular.otf in Resources */,
				9DEF1A0D22E1556400927D04 /* logo.png in Resources */,
				9D248237230B66760029044D /* Volvo.jpg in Resources */,
				9D22E4C622EBBBFF00CA81BB /* SF-Pro-Display-Bold.otf in Resources */,
				9D248246230B66760029044D /* Kia.jpg in Resources */,
				9D22E4C822EBBBFF00CA81BB /* SF-Pro-Rounded-Bold.otf in Resources */,
				9D06A52122E148CE00FBA6EC /* Assets.xcassets in Resources */,
				9D248247230B66760029044D /* Mitsubishi.jpg in Resources */,
				9D24823C230B66760029044D /* Land Rover.jpg in Resources */,
				9D248233230B66760029044D /* Infiniti.jpg in Resources */,
				9DB7193F22FCF67000C2F6C8 /* change-password.png in Resources */,
				9D69DE0B23088952004620C3 /* car-list.json in Resources */,
				9D248241230B66760029044D /* Renault.jpg in Resources */,
				9D24823A230B66760029044D /* Toyota.jpg in Resources */,
				9D24823F230B66760029044D /* Fiat.jpg in Resources */,
				9D24822C230B66760029044D /* Volkswagen.jpg in Resources */,
				9D248243230B66760029044D /* Ford.jpg in Resources */,
				9DB7194022FCF67000C2F6C8 /* sell-my-autos.png in Resources */,
				9D248232230B66760029044D /* Peugeot.jpg in Resources */,
				9D06A51C22E148CD00FBA6EC /* Main.storyboard in Resources */,
				9D248238230B66760029044D /* MINI.jpg in Resources */,
				9D248234230B66760029044D /* Saab.jpg in Resources */,
				9D24822A230B66760029044D /* Chevrolet.jpg in Resources */,
				9D458D25230237BB003AA632 /* GoogleService-Info.plist in Resources */,
				9D248245230B66760029044D /* Alfa Romeo.jpg in Resources */,
			);
			runOnlyForDeploymentPostprocessing = 0;
		};
/* End PBXResourcesBuildPhase section */

/* Begin PBXShellScriptBuildPhase section */
		70299B9F6858CEDA2EDC3775 /* [CP] Check Pods Manifest.lock */ = {
			isa = PBXShellScriptBuildPhase;
			buildActionMask = 2147483647;
			files = (
			);
			inputFileListPaths = (
			);
			inputPaths = (
				"${PODS_PODFILE_DIR_PATH}/Podfile.lock",
				"${PODS_ROOT}/Manifest.lock",
			);
			name = "[CP] Check Pods Manifest.lock";
			outputFileListPaths = (
			);
			outputPaths = (
				"$(DERIVED_FILE_DIR)/Pods-AutosApp-checkManifestLockResult.txt",
			);
			runOnlyForDeploymentPostprocessing = 0;
			shellPath = /bin/sh;
			shellScript = "diff \"${PODS_PODFILE_DIR_PATH}/Podfile.lock\" \"${PODS_ROOT}/Manifest.lock\" > /dev/null\nif [ $? != 0 ] ; then\n    # print error to STDERR\n    echo \"error: The sandbox is not in sync with the Podfile.lock. Run 'pod install' or update your CocoaPods installation.\" >&2\n    exit 1\nfi\n# This output is used by Xcode 'outputs' to avoid re-running this script phase.\necho \"SUCCESS\" > \"${SCRIPT_OUTPUT_FILE_0}\"\n";
			showEnvVarsInLog = 0;
		};
		93C6A502A9A889F85D4B31B0 /* [CP] Embed Pods Frameworks */ = {
			isa = PBXShellScriptBuildPhase;
			buildActionMask = 2147483647;
			files = (
			);
			inputFileListPaths = (
				"${PODS_ROOT}/Target Support Files/Pods-AutosApp/Pods-AutosApp-frameworks-${CONFIGURATION}-input-files.xcfilelist",
			);
			name = "[CP] Embed Pods Frameworks";
			outputFileListPaths = (
				"${PODS_ROOT}/Target Support Files/Pods-AutosApp/Pods-AutosApp-frameworks-${CONFIGURATION}-output-files.xcfilelist",
			);
			runOnlyForDeploymentPostprocessing = 0;
			shellPath = /bin/sh;
			shellScript = "\"${PODS_ROOT}/Target Support Files/Pods-AutosApp/Pods-AutosApp-frameworks.sh\"\n";
			showEnvVarsInLog = 0;
		};
/* End PBXShellScriptBuildPhase section */

/* Begin PBXSourcesBuildPhase section */
		9D06A50F22E148CD00FBA6EC /* Sources */ = {
			isa = PBXSourcesBuildPhase;
			buildActionMask = 2147483647;
			files = (
				9D2482042309DEB20029044D /* PostViewController.swift in Sources */,
				9DF802F722E9314400DEE2B2 /* Vehicle.swift in Sources */,
				9D458D232302356F003AA632 /* MyAutosViewConroller.swift in Sources */,
				9D06A51922E148CD00FBA6EC /* ViewController.swift in Sources */,
				9D248249230B7A580029044D /* Double.swift in Sources */,
				9D69DE09230859B7004620C3 /* ChangePasswordViewController.swift in Sources */,
				9D94FA0622E29B7F008B644C /* LoginViewController.swift in Sources */,
				9D69DE122308E364004620C3 /* HomeViewController.swift in Sources */,
				9D06A51F22E148CD00FBA6EC /* AutosApp.xcdatamodeld in Sources */,
				9D69DE0D230890AD004620C3 /* VehicleMaker.swift in Sources */,
				9D24824B230B97930029044D /* SearchResultViewController.swift in Sources */,
				9DF802F122E926C800DEE2B2 /* User.swift in Sources */,
				9DDC8890230CC409003BEC2F /* AutoDetailsViewController.swift in Sources */,
				9DF802F322E9292900DEE2B2 /* UserInfo.swift in Sources */,
				9D4B275422F3BD7F0091C068 /* RoundedCornerView.swift in Sources */,
				9D1C95B723023FE300C45C49 /* SignupViewController.swift in Sources */,
				9D1C95BB230380BC00C45C49 /* TransitionButton.swift in Sources */,
				9D69DE192309B1F8004620C3 /* SearchViewController.swift in Sources */,
				9D248206230B630E0029044D /* SellMyAutosViewController.swift in Sources */,
				9D69DE07230781DB004620C3 /* EditProfileViewController.swift in Sources */,
				9DF802F522E930E300DEE2B2 /* VehicleModel.swift in Sources */,
				9DB7193A22FCEFC400C2F6C8 /* LineButton.swift in Sources */,
				9D22E4BC22EB7F9500CA81BB /* Comment.swift in Sources */,
				9D3CED8023076AF60093502B /* Key.swift in Sources */,
				9D69DE1423090CB0004620C3 /* Results.swift in Sources */,
				9D69DE1023089443004620C3 /* VehicleUtils.swift in Sources */,
				9D06A51722E148CD00FBA6EC /* AppDelegate.swift in Sources */,
				9D89988722EBF8DC00F424BA /* UIColor.swift in Sources */,
			);
			runOnlyForDeploymentPostprocessing = 0;
		};
/* End PBXSourcesBuildPhase section */

/* Begin PBXVariantGroup section */
		9D06A51A22E148CD00FBA6EC /* Main.storyboard */ = {
			isa = PBXVariantGroup;
			children = (
				9D06A51B22E148CD00FBA6EC /* Base */,
			);
			name = Main.storyboard;
			sourceTree = "<group>";
		};
		9D06A52222E148CE00FBA6EC /* LaunchScreen.storyboard */ = {
			isa = PBXVariantGroup;
			children = (
				9D06A52322E148CE00FBA6EC /* Base */,
			);
			name = LaunchScreen.storyboard;
			sourceTree = "<group>";
		};
/* End PBXVariantGroup section */

/* Begin XCBuildConfiguration section */
		9D06A52622E148CE00FBA6EC /* Debug */ = {
			isa = XCBuildConfiguration;
			buildSettings = {
				ALWAYS_SEARCH_USER_PATHS = NO;
				CLANG_ANALYZER_NONNULL = YES;
				CLANG_ANALYZER_NUMBER_OBJECT_CONVERSION = YES_AGGRESSIVE;
				CLANG_CXX_LANGUAGE_STANDARD = "gnu++14";
				CLANG_CXX_LIBRARY = "libc++";
				CLANG_ENABLE_MODULES = YES;
				CLANG_ENABLE_OBJC_ARC = YES;
				CLANG_ENABLE_OBJC_WEAK = YES;
				CLANG_WARN_BLOCK_CAPTURE_AUTORELEASING = YES;
				CLANG_WARN_BOOL_CONVERSION = YES;
				CLANG_WARN_COMMA = YES;
				CLANG_WARN_CONSTANT_CONVERSION = YES;
				CLANG_WARN_DEPRECATED_OBJC_IMPLEMENTATIONS = YES;
				CLANG_WARN_DIRECT_OBJC_ISA_USAGE = YES_ERROR;
				CLANG_WARN_DOCUMENTATION_COMMENTS = YES;
				CLANG_WARN_EMPTY_BODY = YES;
				CLANG_WARN_ENUM_CONVERSION = YES;
				CLANG_WARN_INFINITE_RECURSION = YES;
				CLANG_WARN_INT_CONVERSION = YES;
				CLANG_WARN_NON_LITERAL_NULL_CONVERSION = YES;
				CLANG_WARN_OBJC_IMPLICIT_RETAIN_SELF = YES;
				CLANG_WARN_OBJC_LITERAL_CONVERSION = YES;
				CLANG_WARN_OBJC_ROOT_CLASS = YES_ERROR;
				CLANG_WARN_RANGE_LOOP_ANALYSIS = YES;
				CLANG_WARN_STRICT_PROTOTYPES = YES;
				CLANG_WARN_SUSPICIOUS_MOVE = YES;
				CLANG_WARN_UNGUARDED_AVAILABILITY = YES_AGGRESSIVE;
				CLANG_WARN_UNREACHABLE_CODE = YES;
				CLANG_WARN__DUPLICATE_METHOD_MATCH = YES;
				CODE_SIGN_IDENTITY = "iPhone Developer";
				COPY_PHASE_STRIP = NO;
				DEBUG_INFORMATION_FORMAT = dwarf;
				ENABLE_STRICT_OBJC_MSGSEND = YES;
				ENABLE_TESTABILITY = YES;
				GCC_C_LANGUAGE_STANDARD = gnu11;
				GCC_DYNAMIC_NO_PIC = NO;
				GCC_NO_COMMON_BLOCKS = YES;
				GCC_OPTIMIZATION_LEVEL = 0;
				GCC_PREPROCESSOR_DEFINITIONS = (
					"DEBUG=1",
					"$(inherited)",
				);
				GCC_WARN_64_TO_32_BIT_CONVERSION = YES;
				GCC_WARN_ABOUT_RETURN_TYPE = YES_ERROR;
				GCC_WARN_UNDECLARED_SELECTOR = YES;
				GCC_WARN_UNINITIALIZED_AUTOS = YES_AGGRESSIVE;
				GCC_WARN_UNUSED_FUNCTION = YES;
				GCC_WARN_UNUSED_VARIABLE = YES;
				IPHONEOS_DEPLOYMENT_TARGET = 12.2;
				MTL_ENABLE_DEBUG_INFO = INCLUDE_SOURCE;
				MTL_FAST_MATH = YES;
				ONLY_ACTIVE_ARCH = YES;
				SDKROOT = iphoneos;
				SWIFT_ACTIVE_COMPILATION_CONDITIONS = DEBUG;
				SWIFT_OPTIMIZATION_LEVEL = "-Onone";
			};
			name = Debug;
		};
		9D06A52722E148CE00FBA6EC /* Release */ = {
			isa = XCBuildConfiguration;
			buildSettings = {
				ALWAYS_SEARCH_USER_PATHS = NO;
				CLANG_ANALYZER_NONNULL = YES;
				CLANG_ANALYZER_NUMBER_OBJECT_CONVERSION = YES_AGGRESSIVE;
				CLANG_CXX_LANGUAGE_STANDARD = "gnu++14";
				CLANG_CXX_LIBRARY = "libc++";
				CLANG_ENABLE_MODULES = YES;
				CLANG_ENABLE_OBJC_ARC = YES;
				CLANG_ENABLE_OBJC_WEAK = YES;
				CLANG_WARN_BLOCK_CAPTURE_AUTORELEASING = YES;
				CLANG_WARN_BOOL_CONVERSION = YES;
				CLANG_WARN_COMMA = YES;
				CLANG_WARN_CONSTANT_CONVERSION = YES;
				CLANG_WARN_DEPRECATED_OBJC_IMPLEMENTATIONS = YES;
				CLANG_WARN_DIRECT_OBJC_ISA_USAGE = YES_ERROR;
				CLANG_WARN_DOCUMENTATION_COMMENTS = YES;
				CLANG_WARN_EMPTY_BODY = YES;
				CLANG_WARN_ENUM_CONVERSION = YES;
				CLANG_WARN_INFINITE_RECURSION = YES;
				CLANG_WARN_INT_CONVERSION = YES;
				CLANG_WARN_NON_LITERAL_NULL_CONVERSION = YES;
				CLANG_WARN_OBJC_IMPLICIT_RETAIN_SELF = YES;
				CLANG_WARN_OBJC_LITERAL_CONVERSION = YES;
				CLANG_WARN_OBJC_ROOT_CLASS = YES_ERROR;
				CLANG_WARN_RANGE_LOOP_ANALYSIS = YES;
				CLANG_WARN_STRICT_PROTOTYPES = YES;
				CLANG_WARN_SUSPICIOUS_MOVE = YES;
				CLANG_WARN_UNGUARDED_AVAILABILITY = YES_AGGRESSIVE;
				CLANG_WARN_UNREACHABLE_CODE = YES;
				CLANG_WARN__DUPLICATE_METHOD_MATCH = YES;
				CODE_SIGN_IDENTITY = "iPhone Developer";
				COPY_PHASE_STRIP = NO;
				DEBUG_INFORMATION_FORMAT = "dwarf-with-dsym";
				ENABLE_NS_ASSERTIONS = NO;
				ENABLE_STRICT_OBJC_MSGSEND = YES;
				GCC_C_LANGUAGE_STANDARD = gnu11;
				GCC_NO_COMMON_BLOCKS = YES;
				GCC_WARN_64_TO_32_BIT_CONVERSION = YES;
				GCC_WARN_ABOUT_RETURN_TYPE = YES_ERROR;
				GCC_WARN_UNDECLARED_SELECTOR = YES;
				GCC_WARN_UNINITIALIZED_AUTOS = YES_AGGRESSIVE;
				GCC_WARN_UNUSED_FUNCTION = YES;
				GCC_WARN_UNUSED_VARIABLE = YES;
				IPHONEOS_DEPLOYMENT_TARGET = 12.2;
				MTL_ENABLE_DEBUG_INFO = NO;
				MTL_FAST_MATH = YES;
				SDKROOT = iphoneos;
				SWIFT_COMPILATION_MODE = wholemodule;
				SWIFT_OPTIMIZATION_LEVEL = "-O";
				VALIDATE_PRODUCT = YES;
			};
			name = Release;
		};
		9D06A52922E148CE00FBA6EC /* Debug */ = {
			isa = XCBuildConfiguration;
			baseConfigurationReference = 8FF0E38B386A5051575D51AA /* Pods-AutosApp.debug.xcconfig */;
			buildSettings = {
				ASSETCATALOG_COMPILER_APPICON_NAME = AppIcon;
				CODE_SIGN_STYLE = Automatic;
				DEVELOPMENT_TEAM = "";
				INFOPLIST_FILE = AutosApp/Info.plist;
				LD_RUNPATH_SEARCH_PATHS = (
					"$(inherited)",
					"@executable_path/Frameworks",
				);
				PRODUCT_BUNDLE_IDENTIFIER = com.allanim.AutosApp;
				PRODUCT_NAME = "$(TARGET_NAME)";
				SWIFT_VERSION = 5.0;
				TARGETED_DEVICE_FAMILY = "1,2";
			};
			name = Debug;
		};
		9D06A52A22E148CE00FBA6EC /* Release */ = {
			isa = XCBuildConfiguration;
			baseConfigurationReference = E68D9E975047AB6C84FEA21F /* Pods-AutosApp.release.xcconfig */;
			buildSettings = {
				ASSETCATALOG_COMPILER_APPICON_NAME = AppIcon;
				CODE_SIGN_STYLE = Automatic;
				DEVELOPMENT_TEAM = "";
				INFOPLIST_FILE = AutosApp/Info.plist;
				LD_RUNPATH_SEARCH_PATHS = (
					"$(inherited)",
					"@executable_path/Frameworks",
				);
				PRODUCT_BUNDLE_IDENTIFIER = com.allanim.AutosApp;
				PRODUCT_NAME = "$(TARGET_NAME)";
				SWIFT_VERSION = 5.0;
				TARGETED_DEVICE_FAMILY = "1,2";
			};
			name = Release;
		};
/* End XCBuildConfiguration section */

/* Begin XCConfigurationList section */
		9D06A50E22E148CD00FBA6EC /* Build configuration list for PBXProject "AutosApp" */ = {
			isa = XCConfigurationList;
			buildConfigurations = (
				9D06A52622E148CE00FBA6EC /* Debug */,
				9D06A52722E148CE00FBA6EC /* Release */,
			);
			defaultConfigurationIsVisible = 0;
			defaultConfigurationName = Release;
		};
		9D06A52822E148CE00FBA6EC /* Build configuration list for PBXNativeTarget "AutosApp" */ = {
			isa = XCConfigurationList;
			buildConfigurations = (
				9D06A52922E148CE00FBA6EC /* Debug */,
				9D06A52A22E148CE00FBA6EC /* Release */,
			);
			defaultConfigurationIsVisible = 0;
			defaultConfigurationName = Release;
		};
/* End XCConfigurationList section */

/* Begin XCVersionGroup section */
		9D06A51D22E148CD00FBA6EC /* AutosApp.xcdatamodeld */ = {
			isa = XCVersionGroup;
			children = (
				9D06A51E22E148CD00FBA6EC /* AutosApp.xcdatamodel */,
			);
			currentVersion = 9D06A51E22E148CD00FBA6EC /* AutosApp.xcdatamodel */;
			path = AutosApp.xcdatamodeld;
			sourceTree = "<group>";
			versionGroupType = wrapper.xcdatamodel;
		};
/* End XCVersionGroup section */
	};
	rootObject = 9D06A50B22E148CD00FBA6EC /* Project object */;
}
